<?xml version="1.0" encoding="UTF-8"?>
<!DOCTYPE plist PUBLIC "-//Apple//DTD PLIST 1.0//EN" "http://www.apple.com/DTDs/PropertyList-1.0.dtd">
<plist version="1.0">
<dict>
	<key>archiveVersion</key>
	<string>1</string>
	<key>classes</key>
	<dict/>
	<key>objectVersion</key>
	<string>46</string>
	<key>objects</key>
	<dict>
		<key>28C1A0C00DD5C6CDD520F1C3</key>
		<dict>
			<key>children</key>
			<array>
				<string>90FD0F41F5A5B5A430060F7A</string>
			</array>
			<key>isa</key>
			<string>PBXGroup</string>
			<key>name</key>
			<string>Frameworks</string>
			<key>sourceTree</key>
			<string>&lt;group&gt;</string>
		</dict>
		<key>74C2D361E4FDA250C8578309</key>
		<dict>
			<key>includeInIndex</key>
			<string>1</string>
			<key>isa</key>
			<string>PBXFileReference</string>
			<key>lastKnownFileType</key>
			<string>text.xcconfig</string>
			<key>name</key>
			<string>Pods.debug.xcconfig</string>
			<key>path</key>
			<string>aws/Pods/Target Support Files/Pods/Pods.debug.xcconfig</string>
			<key>sourceTree</key>
			<string>&lt;group&gt;</string>
		</dict>
		<key>78EF54260689270C2F319F7F</key>
		<dict>
			<key>buildActionMask</key>
			<string>2147483647</string>
			<key>files</key>
			<array/>
			<key>inputPaths</key>
			<array/>
			<key>isa</key>
			<string>PBXShellScriptBuildPhase</string>
			<key>name</key>
			<string>Copy Pods Resources</string>
			<key>outputPaths</key>
			<array/>
			<key>runOnlyForDeploymentPostprocessing</key>
			<string>0</string>
			<key>shellPath</key>
			<string>/bin/sh</string>
			<key>shellScript</key>
			<string>"${SRCROOT}/aws/Pods/Target Support Files/Pods/Pods-resources.sh"
</string>
			<key>showEnvVarsInLog</key>
			<string>0</string>
		</dict>
		<key>8DFE74BBFD0264AD2244CBA7</key>
		<dict>
			<key>buildActionMask</key>
			<string>2147483647</string>
			<key>files</key>
			<array/>
			<key>inputPaths</key>
			<array/>
			<key>isa</key>
			<string>PBXShellScriptBuildPhase</string>
			<key>name</key>
			<string>Check Pods Manifest.lock</string>
			<key>outputPaths</key>
			<array/>
			<key>runOnlyForDeploymentPostprocessing</key>
			<string>0</string>
			<key>shellPath</key>
			<string>/bin/sh</string>
			<key>shellScript</key>
			<string>diff "${PODS_ROOT}/../Podfile.lock" "${PODS_ROOT}/Manifest.lock" &gt; /dev/null
if [[ $? != 0 ]] ; then
    cat &lt;&lt; EOM
error: The sandbox is not in sync with the Podfile.lock. Run 'pod install' or update your CocoaPods installation.
EOM
    exit 1
fi
</string>
			<key>showEnvVarsInLog</key>
			<string>0</string>
		</dict>
		<key>90FD0F41F5A5B5A430060F7A</key>
		<dict>
			<key>explicitFileType</key>
			<string>archive.ar</string>
			<key>includeInIndex</key>
			<string>0</string>
			<key>isa</key>
			<string>PBXFileReference</string>
			<key>path</key>
			<string>libPods.a</string>
			<key>sourceTree</key>
			<string>BUILT_PRODUCTS_DIR</string>
		</dict>
		<key>9AF098A6BE71E84FE2C7CD36</key>
		<dict>
			<key>children</key>
			<array>
				<string>74C2D361E4FDA250C8578309</string>
				<string>C812F36E79FA01E73EAB17F8</string>
			</array>
			<key>isa</key>
			<string>PBXGroup</string>
			<key>name</key>
			<string>Pods</string>
			<key>sourceTree</key>
			<string>&lt;group&gt;</string>
		</dict>
		<key>B28C13801A84288300B86CE4</key>
		<dict>
			<key>children</key>
			<array>
				<string>B28C13F21A844D1900B86CE4</string>
				<string>B28C13F01A844D1300B86CE4</string>
				<string>B28C138B1A84288300B86CE4</string>
				<string>B28C13A41A84288300B86CE4</string>
				<string>B28C138A1A84288300B86CE4</string>
				<string>9AF098A6BE71E84FE2C7CD36</string>
				<string>28C1A0C00DD5C6CDD520F1C3</string>
			</array>
			<key>isa</key>
			<string>PBXGroup</string>
			<key>sourceTree</key>
			<string>&lt;group&gt;</string>
		</dict>
		<key>B28C13811A84288300B86CE4</key>
		<dict>
			<key>attributes</key>
			<dict>
				<key>LastUpgradeCheck</key>
				<string>0610</string>
				<key>ORGANIZATIONNAME</key>
				<string>maxis</string>
				<key>TargetAttributes</key>
				<dict>
					<key>B28C13881A84288300B86CE4</key>
					<dict>
						<key>CreatedOnToolsVersion</key>
						<string>6.1.1</string>
					</dict>
					<key>B28C13A01A84288300B86CE4</key>
					<dict>
						<key>CreatedOnToolsVersion</key>
						<string>6.1.1</string>
						<key>TestTargetID</key>
						<string>B28C13881A84288300B86CE4</string>
					</dict>
				</dict>
			</dict>
			<key>buildConfigurationList</key>
			<string>B28C13841A84288300B86CE4</string>
			<key>compatibilityVersion</key>
			<string>Xcode 3.2</string>
			<key>developmentRegion</key>
			<string>English</string>
			<key>hasScannedForEncodings</key>
			<string>0</string>
			<key>isa</key>
			<string>PBXProject</string>
			<key>knownRegions</key>
			<array>
				<string>en</string>
				<string>Base</string>
			</array>
			<key>mainGroup</key>
			<string>B28C13801A84288300B86CE4</string>
			<key>productRefGroup</key>
			<string>B28C138A1A84288300B86CE4</string>
			<key>projectDirPath</key>
			<string></string>
			<key>projectReferences</key>
			<array/>
			<key>projectRoot</key>
			<string></string>
			<key>targets</key>
			<array>
				<string>B28C13881A84288300B86CE4</string>
				<string>B28C13A01A84288300B86CE4</string>
			</array>
		</dict>
		<key>B28C13841A84288300B86CE4</key>
		<dict>
			<key>buildConfigurations</key>
			<array>
				<string>B28C13A91A84288300B86CE4</string>
				<string>B28C13AA1A84288300B86CE4</string>
			</array>
			<key>defaultConfigurationIsVisible</key>
			<string>0</string>
			<key>defaultConfigurationName</key>
			<string>Release</string>
			<key>isa</key>
			<string>XCConfigurationList</string>
		</dict>
		<key>B28C13851A84288300B86CE4</key>
		<dict>
			<key>buildActionMask</key>
			<string>2147483647</string>
			<key>files</key>
			<array>
				<string>B28C13941A84288300B86CE4</string>
				<string>B28C138F1A84288300B86CE4</string>
				<string>B28C13921A84288300B86CE4</string>
				<string>B28C13F61A844DCB00B86CE4</string>
			</array>
			<key>isa</key>
			<string>PBXSourcesBuildPhase</string>
			<key>runOnlyForDeploymentPostprocessing</key>
			<string>0</string>
		</dict>
		<key>B28C13861A84288300B86CE4</key>
		<dict>
			<key>buildActionMask</key>
			<string>2147483647</string>
			<key>files</key>
			<array>
				<string>B28C13F31A844D1900B86CE4</string>
				<string>B28C13F11A844D1400B86CE4</string>
				<string>B28C13BE1A84415A00B86CE4</string>
				<string>B28C13B41A84412400B86CE4</string>
				<string>B28C13C31A84415A00B86CE4</string>
				<string>B28C13C41A84415A00B86CE4</string>
				<string>B28C13C01A84415A00B86CE4</string>
				<string>B28C13B51A84412400B86CE4</string>
				<string>B28C13C51A84415A00B86CE4</string>
				<string>B28C13BF1A84415A00B86CE4</string>
				<string>B28C13C11A84415A00B86CE4</string>
				<string>B28C13C21A84415A00B86CE4</string>
				<string>F4F747CBDB3CC3AF4FAFAF84</string>
			</array>
			<key>isa</key>
			<string>PBXFrameworksBuildPhase</string>
			<key>runOnlyForDeploymentPostprocessing</key>
			<string>0</string>
		</dict>
		<key>B28C13871A84288300B86CE4</key>
		<dict>
			<key>buildActionMask</key>
			<string>2147483647</string>
			<key>files</key>
			<array>
				<string>B28C13E21A84418500B86CE4</string>
				<string>B28C13971A84288300B86CE4</string>
				<string>B28C13DB1A84418500B86CE4</string>
				<string>B28C13DE1A84418500B86CE4</string>
				<string>B28C13D71A84418500B86CE4</string>
				<string>B28C13DC1A84418500B86CE4</string>
				<string>B28C13E41A84418500B86CE4</string>
				<string>B28C13DD1A84418500B86CE4</string>
				<string>B28C13E31A84418500B86CE4</string>
				<string>B28C13FA1A86B44000B86CE4</string>
				<string>B28C139C1A84288300B86CE4</string>
				<string>B28C13E01A84418500B86CE4</string>
				<string>B28C13D61A84418500B86CE4</string>
				<string>B28C13E11A84418500B86CE4</string>
				<string>B28C13991A84288300B86CE4</string>
				<string>B28C13DA1A84418500B86CE4</string>
				<string>B28C13D81A84418500B86CE4</string>
				<string>B28C13DF1A84418500B86CE4</string>
				<string>B28C13D91A84418500B86CE4</string>
			</array>
			<key>isa</key>
			<string>PBXResourcesBuildPhase</string>
			<key>runOnlyForDeploymentPostprocessing</key>
			<string>0</string>
		</dict>
		<key>B28C13881A84288300B86CE4</key>
		<dict>
			<key>buildConfigurationList</key>
			<string>B28C13AB1A84288300B86CE4</string>
			<key>buildPhases</key>
			<array>
				<string>8DFE74BBFD0264AD2244CBA7</string>
				<string>B28C13851A84288300B86CE4</string>
				<string>B28C13861A84288300B86CE4</string>
				<string>B28C13871A84288300B86CE4</string>
				<string>B28C13E51A844CD400B86CE4</string>
				<string>78EF54260689270C2F319F7F</string>
			</array>
			<key>buildRules</key>
			<array/>
			<key>dependencies</key>
			<array/>
			<key>isa</key>
			<string>PBXNativeTarget</string>
			<key>name</key>
			<string>aws</string>
			<key>productName</key>
			<string>aws</string>
			<key>productReference</key>
			<string>B28C13891A84288300B86CE4</string>
			<key>productType</key>
			<string>com.apple.product-type.application</string>
		</dict>
		<key>B28C13891A84288300B86CE4</key>
		<dict>
			<key>explicitFileType</key>
			<string>wrapper.application</string>
			<key>includeInIndex</key>
			<string>0</string>
			<key>isa</key>
			<string>PBXFileReference</string>
			<key>path</key>
			<string>aws.app</string>
			<key>sourceTree</key>
			<string>BUILT_PRODUCTS_DIR</string>
		</dict>
		<key>B28C138A1A84288300B86CE4</key>
		<dict>
			<key>children</key>
			<array>
				<string>B28C13891A84288300B86CE4</string>
				<string>B28C13A11A84288300B86CE4</string>
			</array>
			<key>isa</key>
			<string>PBXGroup</string>
			<key>name</key>
			<string>Products</string>
			<key>sourceTree</key>
			<string>&lt;group&gt;</string>
		</dict>
		<key>B28C138B1A84288300B86CE4</key>
		<dict>
			<key>children</key>
			<array>
				<string>B28C13F51A844DCB00B86CE4</string>
				<string>B28C13C61A84418500B86CE4</string>
				<string>B28C13B11A84412400B86CE4</string>
				<string>B28C138E1A84288300B86CE4</string>
				<string>B28C13931A84288300B86CE4</string>
				<string>B28C13951A84288300B86CE4</string>
				<string>B28C13981A84288300B86CE4</string>
				<string>B28C139A1A84288300B86CE4</string>
				<string>B28C13901A84288300B86CE4</string>
				<string>B28C138C1A84288300B86CE4</string>
				<string>B28C13F41A844D5F00B86CE4</string>
			</array>
			<key>isa</key>
			<string>PBXGroup</string>
			<key>path</key>
			<string>aws</string>
			<key>sourceTree</key>
			<string>&lt;group&gt;</string>
		</dict>
		<key>B28C138C1A84288300B86CE4</key>
		<dict>
			<key>children</key>
			<array>
				<string>B28C13F91A86B44000B86CE4</string>
				<string>B28C138D1A84288300B86CE4</string>
			</array>
			<key>isa</key>
			<string>PBXGroup</string>
			<key>name</key>
			<string>Supporting Files</string>
			<key>sourceTree</key>
			<string>&lt;group&gt;</string>
		</dict>
		<key>B28C138D1A84288300B86CE4</key>
		<dict>
			<key>isa</key>
			<string>PBXFileReference</string>
			<key>lastKnownFileType</key>
			<string>text.plist.xml</string>
			<key>path</key>
			<string>Info.plist</string>
			<key>sourceTree</key>
			<string>&lt;group&gt;</string>
		</dict>
		<key>B28C138E1A84288300B86CE4</key>
		<dict>
			<key>isa</key>
			<string>PBXFileReference</string>
			<key>lastKnownFileType</key>
			<string>sourcecode.swift</string>
			<key>path</key>
			<string>AppDelegate.swift</string>
			<key>sourceTree</key>
			<string>&lt;group&gt;</string>
		</dict>
		<key>B28C138F1A84288300B86CE4</key>
		<dict>
			<key>fileRef</key>
			<string>B28C138E1A84288300B86CE4</string>
			<key>isa</key>
			<string>PBXBuildFile</string>
		</dict>
		<key>B28C13901A84288300B86CE4</key>
		<dict>
			<key>children</key>
			<array>
				<string>B28C13911A84288300B86CE4</string>
			</array>
			<key>currentVersion</key>
			<string>B28C13911A84288300B86CE4</string>
			<key>isa</key>
			<string>XCVersionGroup</string>
			<key>path</key>
			<string>aws.xcdatamodeld</string>
			<key>sourceTree</key>
			<string>&lt;group&gt;</string>
			<key>versionGroupType</key>
			<string>wrapper.xcdatamodel</string>
		</dict>
		<key>B28C13911A84288300B86CE4</key>
		<dict>
			<key>isa</key>
			<string>PBXFileReference</string>
			<key>lastKnownFileType</key>
			<string>wrapper.xcdatamodel</string>
			<key>path</key>
			<string>aws.xcdatamodel</string>
			<key>sourceTree</key>
			<string>&lt;group&gt;</string>
		</dict>
		<key>B28C13921A84288300B86CE4</key>
		<dict>
			<key>fileRef</key>
			<string>B28C13901A84288300B86CE4</string>
			<key>isa</key>
			<string>PBXBuildFile</string>
		</dict>
		<key>B28C13931A84288300B86CE4</key>
		<dict>
			<key>isa</key>
			<string>PBXFileReference</string>
			<key>lastKnownFileType</key>
			<string>sourcecode.swift</string>
			<key>path</key>
			<string>ViewController.swift</string>
			<key>sourceTree</key>
			<string>&lt;group&gt;</string>
		</dict>
		<key>B28C13941A84288300B86CE4</key>
		<dict>
			<key>fileRef</key>
			<string>B28C13931A84288300B86CE4</string>
			<key>isa</key>
			<string>PBXBuildFile</string>
		</dict>
		<key>B28C13951A84288300B86CE4</key>
		<dict>
			<key>children</key>
			<array>
				<string>B28C13961A84288300B86CE4</string>
			</array>
			<key>isa</key>
			<string>PBXVariantGroup</string>
			<key>name</key>
			<string>Main.storyboard</string>
			<key>sourceTree</key>
			<string>&lt;group&gt;</string>
		</dict>
		<key>B28C13961A84288300B86CE4</key>
		<dict>
			<key>isa</key>
			<string>PBXFileReference</string>
			<key>lastKnownFileType</key>
			<string>file.storyboard</string>
			<key>name</key>
			<string>Base</string>
			<key>path</key>
			<string>Base.lproj/Main.storyboard</string>
			<key>sourceTree</key>
			<string>&lt;group&gt;</string>
		</dict>
		<key>B28C13971A84288300B86CE4</key>
		<dict>
			<key>fileRef</key>
			<string>B28C13951A84288300B86CE4</string>
			<key>isa</key>
			<string>PBXBuildFile</string>
		</dict>
		<key>B28C13981A84288300B86CE4</key>
		<dict>
			<key>isa</key>
			<string>PBXFileReference</string>
			<key>lastKnownFileType</key>
			<string>folder.assetcatalog</string>
			<key>path</key>
			<string>Images.xcassets</string>
			<key>sourceTree</key>
			<string>&lt;group&gt;</string>
		</dict>
		<key>B28C13991A84288300B86CE4</key>
		<dict>
			<key>fileRef</key>
			<string>B28C13981A84288300B86CE4</string>
			<key>isa</key>
			<string>PBXBuildFile</string>
		</dict>
		<key>B28C139A1A84288300B86CE4</key>
		<dict>
			<key>children</key>
			<array>
				<string>B28C139B1A84288300B86CE4</string>
			</array>
			<key>isa</key>
			<string>PBXVariantGroup</string>
			<key>name</key>
			<string>LaunchScreen.xib</string>
			<key>sourceTree</key>
			<string>&lt;group&gt;</string>
		</dict>
		<key>B28C139B1A84288300B86CE4</key>
		<dict>
			<key>isa</key>
			<string>PBXFileReference</string>
			<key>lastKnownFileType</key>
			<string>file.xib</string>
			<key>name</key>
			<string>Base</string>
			<key>path</key>
			<string>Base.lproj/LaunchScreen.xib</string>
			<key>sourceTree</key>
			<string>&lt;group&gt;</string>
		</dict>
		<key>B28C139C1A84288300B86CE4</key>
		<dict>
			<key>fileRef</key>
			<string>B28C139A1A84288300B86CE4</string>
			<key>isa</key>
			<string>PBXBuildFile</string>
		</dict>
		<key>B28C139D1A84288300B86CE4</key>
		<dict>
			<key>buildActionMask</key>
			<string>2147483647</string>
			<key>files</key>
			<array>
				<string>B28C13A81A84288300B86CE4</string>
			</array>
			<key>isa</key>
			<string>PBXSourcesBuildPhase</string>
			<key>runOnlyForDeploymentPostprocessing</key>
			<string>0</string>
		</dict>
		<key>B28C139E1A84288300B86CE4</key>
		<dict>
			<key>buildActionMask</key>
			<string>2147483647</string>
			<key>files</key>
			<array/>
			<key>isa</key>
			<string>PBXFrameworksBuildPhase</string>
			<key>runOnlyForDeploymentPostprocessing</key>
			<string>0</string>
		</dict>
		<key>B28C139F1A84288300B86CE4</key>
		<dict>
			<key>buildActionMask</key>
			<string>2147483647</string>
			<key>files</key>
			<array/>
			<key>isa</key>
			<string>PBXResourcesBuildPhase</string>
			<key>runOnlyForDeploymentPostprocessing</key>
			<string>0</string>
		</dict>
		<key>B28C13A01A84288300B86CE4</key>
		<dict>
			<key>buildConfigurationList</key>
			<string>B28C13AE1A84288300B86CE4</string>
			<key>buildPhases</key>
			<array>
				<string>B28C139D1A84288300B86CE4</string>
				<string>B28C139E1A84288300B86CE4</string>
				<string>B28C139F1A84288300B86CE4</string>
			</array>
			<key>buildRules</key>
			<array/>
			<key>dependencies</key>
			<array>
				<string>B28C13A31A84288300B86CE4</string>
			</array>
			<key>isa</key>
			<string>PBXNativeTarget</string>
			<key>name</key>
			<string>awsTests</string>
			<key>productName</key>
			<string>awsTests</string>
			<key>productReference</key>
			<string>B28C13A11A84288300B86CE4</string>
			<key>productType</key>
			<string>com.apple.product-type.bundle.unit-test</string>
		</dict>
		<key>B28C13A11A84288300B86CE4</key>
		<dict>
			<key>explicitFileType</key>
			<string>wrapper.cfbundle</string>
			<key>includeInIndex</key>
			<string>0</string>
			<key>isa</key>
			<string>PBXFileReference</string>
			<key>path</key>
			<string>awsTests.xctest</string>
			<key>sourceTree</key>
			<string>BUILT_PRODUCTS_DIR</string>
		</dict>
		<key>B28C13A21A84288300B86CE4</key>
		<dict>
			<key>containerPortal</key>
			<string>B28C13811A84288300B86CE4</string>
			<key>isa</key>
			<string>PBXContainerItemProxy</string>
			<key>proxyType</key>
			<string>1</string>
			<key>remoteGlobalIDString</key>
			<string>B28C13881A84288300B86CE4</string>
			<key>remoteInfo</key>
			<string>aws</string>
		</dict>
		<key>B28C13A31A84288300B86CE4</key>
		<dict>
			<key>isa</key>
			<string>PBXTargetDependency</string>
			<key>target</key>
			<string>B28C13881A84288300B86CE4</string>
			<key>targetProxy</key>
			<string>B28C13A21A84288300B86CE4</string>
		</dict>
		<key>B28C13A41A84288300B86CE4</key>
		<dict>
			<key>children</key>
			<array>
				<string>B28C13A71A84288300B86CE4</string>
				<string>B28C13A51A84288300B86CE4</string>
			</array>
			<key>isa</key>
			<string>PBXGroup</string>
			<key>path</key>
			<string>awsTests</string>
			<key>sourceTree</key>
			<string>&lt;group&gt;</string>
		</dict>
		<key>B28C13A51A84288300B86CE4</key>
		<dict>
			<key>children</key>
			<array>
				<string>B28C13A61A84288300B86CE4</string>
			</array>
			<key>isa</key>
			<string>PBXGroup</string>
			<key>name</key>
			<string>Supporting Files</string>
			<key>sourceTree</key>
			<string>&lt;group&gt;</string>
		</dict>
		<key>B28C13A61A84288300B86CE4</key>
		<dict>
			<key>isa</key>
			<string>PBXFileReference</string>
			<key>lastKnownFileType</key>
			<string>text.plist.xml</string>
			<key>path</key>
			<string>Info.plist</string>
			<key>sourceTree</key>
			<string>&lt;group&gt;</string>
		</dict>
		<key>B28C13A71A84288300B86CE4</key>
		<dict>
			<key>isa</key>
			<string>PBXFileReference</string>
			<key>lastKnownFileType</key>
			<string>sourcecode.swift</string>
			<key>path</key>
			<string>awsTests.swift</string>
			<key>sourceTree</key>
			<string>&lt;group&gt;</string>
		</dict>
		<key>B28C13A81A84288300B86CE4</key>
		<dict>
			<key>fileRef</key>
			<string>B28C13A71A84288300B86CE4</string>
			<key>isa</key>
			<string>PBXBuildFile</string>
		</dict>
		<key>B28C13A91A84288300B86CE4</key>
		<dict>
			<key>buildSettings</key>
			<dict>
				<key>ALWAYS_SEARCH_USER_PATHS</key>
				<string>NO</string>
				<key>CLANG_CXX_LANGUAGE_STANDARD</key>
				<string>gnu++0x</string>
				<key>CLANG_CXX_LIBRARY</key>
				<string>libc++</string>
				<key>CLANG_ENABLE_MODULES</key>
				<string>YES</string>
				<key>CLANG_ENABLE_OBJC_ARC</key>
				<string>YES</string>
				<key>CLANG_WARN_BOOL_CONVERSION</key>
				<string>YES</string>
				<key>CLANG_WARN_CONSTANT_CONVERSION</key>
				<string>YES</string>
				<key>CLANG_WARN_DIRECT_OBJC_ISA_USAGE</key>
				<string>YES_ERROR</string>
				<key>CLANG_WARN_EMPTY_BODY</key>
				<string>YES</string>
				<key>CLANG_WARN_ENUM_CONVERSION</key>
				<string>YES</string>
				<key>CLANG_WARN_INT_CONVERSION</key>
				<string>YES</string>
				<key>CLANG_WARN_OBJC_ROOT_CLASS</key>
				<string>YES_ERROR</string>
				<key>CLANG_WARN_UNREACHABLE_CODE</key>
				<string>YES</string>
				<key>CLANG_WARN__DUPLICATE_METHOD_MATCH</key>
				<string>YES</string>
				<key>CODE_SIGN_IDENTITY[sdk=iphoneos*]</key>
				<string>iPhone Developer</string>
				<key>COPY_PHASE_STRIP</key>
				<string>NO</string>
				<key>ENABLE_STRICT_OBJC_MSGSEND</key>
				<string>YES</string>
				<key>GCC_C_LANGUAGE_STANDARD</key>
				<string>gnu99</string>
				<key>GCC_DYNAMIC_NO_PIC</key>
				<string>NO</string>
				<key>GCC_OPTIMIZATION_LEVEL</key>
				<string>0</string>
				<key>GCC_PREPROCESSOR_DEFINITIONS</key>
				<array>
					<string>DEBUG=1</string>
					<string>$(inherited)</string>
				</array>
				<key>GCC_SYMBOLS_PRIVATE_EXTERN</key>
				<string>NO</string>
				<key>GCC_WARN_64_TO_32_BIT_CONVERSION</key>
				<string>YES</string>
				<key>GCC_WARN_ABOUT_RETURN_TYPE</key>
				<string>YES_ERROR</string>
				<key>GCC_WARN_UNDECLARED_SELECTOR</key>
				<string>YES</string>
				<key>GCC_WARN_UNINITIALIZED_AUTOS</key>
				<string>YES_AGGRESSIVE</string>
				<key>GCC_WARN_UNUSED_FUNCTION</key>
				<string>YES</string>
				<key>GCC_WARN_UNUSED_VARIABLE</key>
				<string>YES</string>
				<key>IPHONEOS_DEPLOYMENT_TARGET</key>
				<string>8.1</string>
				<key>MTL_ENABLE_DEBUG_INFO</key>
				<string>YES</string>
				<key>ONLY_ACTIVE_ARCH</key>
				<string>YES</string>
				<key>SDKROOT</key>
				<string>iphoneos</string>
				<key>SWIFT_OPTIMIZATION_LEVEL</key>
				<string>-Onone</string>
				<key>TARGETED_DEVICE_FAMILY</key>
				<string>1,2</string>
			</dict>
			<key>isa</key>
			<string>XCBuildConfiguration</string>
			<key>name</key>
			<string>Debug</string>
		</dict>
		<key>B28C13AA1A84288300B86CE4</key>
		<dict>
			<key>buildSettings</key>
			<dict>
				<key>ALWAYS_SEARCH_USER_PATHS</key>
				<string>NO</string>
				<key>CLANG_CXX_LANGUAGE_STANDARD</key>
				<string>gnu++0x</string>
				<key>CLANG_CXX_LIBRARY</key>
				<string>libc++</string>
				<key>CLANG_ENABLE_MODULES</key>
				<string>YES</string>
				<key>CLANG_ENABLE_OBJC_ARC</key>
				<string>YES</string>
				<key>CLANG_WARN_BOOL_CONVERSION</key>
				<string>YES</string>
				<key>CLANG_WARN_CONSTANT_CONVERSION</key>
				<string>YES</string>
				<key>CLANG_WARN_DIRECT_OBJC_ISA_USAGE</key>
				<string>YES_ERROR</string>
				<key>CLANG_WARN_EMPTY_BODY</key>
				<string>YES</string>
				<key>CLANG_WARN_ENUM_CONVERSION</key>
				<string>YES</string>
				<key>CLANG_WARN_INT_CONVERSION</key>
				<string>YES</string>
				<key>CLANG_WARN_OBJC_ROOT_CLASS</key>
				<string>YES_ERROR</string>
				<key>CLANG_WARN_UNREACHABLE_CODE</key>
				<string>YES</string>
				<key>CLANG_WARN__DUPLICATE_METHOD_MATCH</key>
				<string>YES</string>
				<key>CODE_SIGN_IDENTITY[sdk=iphoneos*]</key>
				<string>iPhone Developer</string>
				<key>COPY_PHASE_STRIP</key>
				<string>YES</string>
				<key>ENABLE_NS_ASSERTIONS</key>
				<string>NO</string>
				<key>ENABLE_STRICT_OBJC_MSGSEND</key>
				<string>YES</string>
				<key>GCC_C_LANGUAGE_STANDARD</key>
				<string>gnu99</string>
				<key>GCC_WARN_64_TO_32_BIT_CONVERSION</key>
				<string>YES</string>
				<key>GCC_WARN_ABOUT_RETURN_TYPE</key>
				<string>YES_ERROR</string>
				<key>GCC_WARN_UNDECLARED_SELECTOR</key>
				<string>YES</string>
				<key>GCC_WARN_UNINITIALIZED_AUTOS</key>
				<string>YES_AGGRESSIVE</string>
				<key>GCC_WARN_UNUSED_FUNCTION</key>
				<string>YES</string>
				<key>GCC_WARN_UNUSED_VARIABLE</key>
				<string>YES</string>
				<key>IPHONEOS_DEPLOYMENT_TARGET</key>
				<string>8.1</string>
				<key>MTL_ENABLE_DEBUG_INFO</key>
				<string>NO</string>
				<key>SDKROOT</key>
				<string>iphoneos</string>
				<key>TARGETED_DEVICE_FAMILY</key>
				<string>1,2</string>
				<key>VALIDATE_PRODUCT</key>
				<string>YES</string>
			</dict>
			<key>isa</key>
			<string>XCBuildConfiguration</string>
			<key>name</key>
			<string>Release</string>
		</dict>
		<key>B28C13AB1A84288300B86CE4</key>
		<dict>
			<key>buildConfigurations</key>
			<array>
				<string>B28C13AC1A84288300B86CE4</string>
				<string>B28C13AD1A84288300B86CE4</string>
			</array>
			<key>defaultConfigurationIsVisible</key>
			<string>0</string>
			<key>isa</key>
			<string>XCConfigurationList</string>
		</dict>
		<key>B28C13AC1A84288300B86CE4</key>
		<dict>
			<key>baseConfigurationReference</key>
			<string>74C2D361E4FDA250C8578309</string>
			<key>buildSettings</key>
			<dict>
				<key>ASSETCATALOG_COMPILER_APPICON_NAME</key>
				<string>AppIcon</string>
				<key>FRAMEWORK_SEARCH_PATHS</key>
				<array>
					<string>$(inherited)</string>
					<string>$(PROJECT_DIR)/aws/Frameworks</string>
				</array>
				<key>INFOPLIST_FILE</key>
				<string>aws/Info.plist</string>
				<key>LD_RUNPATH_SEARCH_PATHS</key>
				<string>$(inherited) @executable_path/Frameworks</string>
				<key>PRODUCT_NAME</key>
				<string>$(TARGET_NAME)</string>
			</dict>
			<key>isa</key>
			<string>XCBuildConfiguration</string>
			<key>name</key>
			<string>Debug</string>
		</dict>
		<key>B28C13AD1A84288300B86CE4</key>
		<dict>
			<key>baseConfigurationReference</key>
			<string>C812F36E79FA01E73EAB17F8</string>
			<key>buildSettings</key>
			<dict>
				<key>ASSETCATALOG_COMPILER_APPICON_NAME</key>
				<string>AppIcon</string>
				<key>FRAMEWORK_SEARCH_PATHS</key>
				<array>
					<string>$(inherited)</string>
					<string>$(PROJECT_DIR)/aws/Frameworks</string>
				</array>
				<key>INFOPLIST_FILE</key>
				<string>aws/Info.plist</string>
				<key>LD_RUNPATH_SEARCH_PATHS</key>
				<string>$(inherited) @executable_path/Frameworks</string>
				<key>PRODUCT_NAME</key>
				<string>$(TARGET_NAME)</string>
			</dict>
			<key>isa</key>
			<string>XCBuildConfiguration</string>
			<key>name</key>
			<string>Release</string>
		</dict>
		<key>B28C13AE1A84288300B86CE4</key>
		<dict>
			<key>buildConfigurations</key>
			<array>
				<string>B28C13AF1A84288300B86CE4</string>
				<string>B28C13B01A84288300B86CE4</string>
			</array>
			<key>defaultConfigurationIsVisible</key>
			<string>0</string>
			<key>isa</key>
			<string>XCConfigurationList</string>
		</dict>
		<key>B28C13AF1A84288300B86CE4</key>
		<dict>
			<key>buildSettings</key>
			<dict>
				<key>BUNDLE_LOADER</key>
				<string>$(TEST_HOST)</string>
				<key>FRAMEWORK_SEARCH_PATHS</key>
				<array>
					<string>$(SDKROOT)/Developer/Library/Frameworks</string>
					<string>$(inherited)</string>
				</array>
				<key>GCC_PREPROCESSOR_DEFINITIONS</key>
				<array>
					<string>DEBUG=1</string>
					<string>$(inherited)</string>
				</array>
				<key>INFOPLIST_FILE</key>
				<string>awsTests/Info.plist</string>
				<key>LD_RUNPATH_SEARCH_PATHS</key>
				<string>$(inherited) @executable_path/Frameworks @loader_path/Frameworks</string>
				<key>PRODUCT_NAME</key>
				<string>$(TARGET_NAME)</string>
				<key>TEST_HOST</key>
				<string>$(BUILT_PRODUCTS_DIR)/aws.app/aws</string>
			</dict>
			<key>isa</key>
			<string>XCBuildConfiguration</string>
			<key>name</key>
			<string>Debug</string>
		</dict>
		<key>B28C13B01A84288300B86CE4</key>
		<dict>
			<key>buildSettings</key>
			<dict>
				<key>BUNDLE_LOADER</key>
				<string>$(TEST_HOST)</string>
				<key>FRAMEWORK_SEARCH_PATHS</key>
				<array>
					<string>$(SDKROOT)/Developer/Library/Frameworks</string>
					<string>$(inherited)</string>
				</array>
				<key>INFOPLIST_FILE</key>
				<string>awsTests/Info.plist</string>
				<key>LD_RUNPATH_SEARCH_PATHS</key>
				<string>$(inherited) @executable_path/Frameworks @loader_path/Frameworks</string>
				<key>PRODUCT_NAME</key>
				<string>$(TARGET_NAME)</string>
				<key>TEST_HOST</key>
				<string>$(BUILT_PRODUCTS_DIR)/aws.app/aws</string>
			</dict>
			<key>isa</key>
			<string>XCBuildConfiguration</string>
			<key>name</key>
			<string>Release</string>
		</dict>
		<key>B28C13B11A84412400B86CE4</key>
		<dict>
			<key>children</key>
			<array>
				<string>B28C13B61A84415A00B86CE4</string>
				<string>B28C13B71A84415A00B86CE4</string>
				<string>B28C13B81A84415A00B86CE4</string>
				<string>B28C13B91A84415A00B86CE4</string>
				<string>B28C13BA1A84415A00B86CE4</string>
				<string>B28C13BB1A84415A00B86CE4</string>
				<string>B28C13BC1A84415A00B86CE4</string>
				<string>B28C13BD1A84415A00B86CE4</string>
				<string>B28C13B21A84412400B86CE4</string>
				<string>B28C13B31A84412400B86CE4</string>
			</array>
			<key>isa</key>
			<string>PBXGroup</string>
			<key>path</key>
			<string>Frameworks</string>
			<key>sourceTree</key>
			<string>&lt;group&gt;</string>
		</dict>
		<key>B28C13B21A84412400B86CE4</key>
		<dict>
			<key>isa</key>
			<string>PBXFileReference</string>
			<key>lastKnownFileType</key>
			<string>wrapper.framework</string>
			<key>path</key>
			<string>AWSCognitoSync.framework</string>
			<key>sourceTree</key>
			<string>&lt;group&gt;</string>
		</dict>
		<key>B28C13B31A84412400B86CE4</key>
		<dict>
			<key>isa</key>
			<string>PBXFileReference</string>
			<key>lastKnownFileType</key>
			<string>wrapper.framework</string>
			<key>path</key>
			<string>AWSiOSSDKv2.framework</string>
			<key>sourceTree</key>
			<string>&lt;group&gt;</string>
		</dict>
		<key>B28C13B41A84412400B86CE4</key>
		<dict>
			<key>fileRef</key>
			<string>B28C13B21A84412400B86CE4</string>
			<key>isa</key>
			<string>PBXBuildFile</string>
		</dict>
		<key>B28C13B51A84412400B86CE4</key>
		<dict>
			<key>fileRef</key>
			<string>B28C13B31A84412400B86CE4</string>
			<key>isa</key>
			<string>PBXBuildFile</string>
		</dict>
		<key>B28C13B61A84415A00B86CE4</key>
		<dict>
			<key>isa</key>
			<string>PBXFileReference</string>
			<key>lastKnownFileType</key>
			<string>wrapper.framework</string>
			<key>path</key>
			<string>Bolts.framework</string>
			<key>sourceTree</key>
			<string>&lt;group&gt;</string>
		</dict>
		<key>B28C13B71A84415A00B86CE4</key>
		<dict>
			<key>isa</key>
			<string>PBXFileReference</string>
			<key>lastKnownFileType</key>
			<string>wrapper.framework</string>
			<key>path</key>
			<string>FMDB.framework</string>
			<key>sourceTree</key>
			<string>&lt;group&gt;</string>
		</dict>
		<key>B28C13B81A84415A00B86CE4</key>
		<dict>
			<key>isa</key>
			<string>PBXFileReference</string>
			<key>lastKnownFileType</key>
			<string>wrapper.framework</string>
			<key>path</key>
			<string>GZIP.framework</string>
			<key>sourceTree</key>
			<string>&lt;group&gt;</string>
		</dict>
		<key>B28C13B91A84415A00B86CE4</key>
		<dict>
			<key>isa</key>
			<string>PBXFileReference</string>
			<key>lastKnownFileType</key>
			<string>wrapper.framework</string>
			<key>path</key>
			<string>Mantle.framework</string>
			<key>sourceTree</key>
			<string>&lt;group&gt;</string>
		</dict>
		<key>B28C13BA1A84415A00B86CE4</key>
		<dict>
			<key>isa</key>
			<string>PBXFileReference</string>
			<key>lastKnownFileType</key>
			<string>wrapper.framework</string>
			<key>path</key>
			<string>Reachability.framework</string>
			<key>sourceTree</key>
			<string>&lt;group&gt;</string>
		</dict>
		<key>B28C13BB1A84415A00B86CE4</key>
		<dict>
			<key>isa</key>
			<string>PBXFileReference</string>
			<key>lastKnownFileType</key>
			<string>wrapper.framework</string>
			<key>path</key>
			<string>TMCache.framework</string>
			<key>sourceTree</key>
			<string>&lt;group&gt;</string>
		</dict>
		<key>B28C13BC1A84415A00B86CE4</key>
		<dict>
			<key>isa</key>
			<string>PBXFileReference</string>
			<key>lastKnownFileType</key>
			<string>wrapper.framework</string>
			<key>path</key>
			<string>UICKeyChainStore.framework</string>
			<key>sourceTree</key>
			<string>&lt;group&gt;</string>
		</dict>
		<key>B28C13BD1A84415A00B86CE4</key>
		<dict>
			<key>isa</key>
			<string>PBXFileReference</string>
			<key>lastKnownFileType</key>
			<string>wrapper.framework</string>
			<key>path</key>
			<string>XMLDictionary.framework</string>
			<key>sourceTree</key>
			<string>&lt;group&gt;</string>
		</dict>
		<key>B28C13BE1A84415A00B86CE4</key>
		<dict>
			<key>fileRef</key>
			<string>B28C13B61A84415A00B86CE4</string>
			<key>isa</key>
			<string>PBXBuildFile</string>
		</dict>
		<key>B28C13BF1A84415A00B86CE4</key>
		<dict>
			<key>fileRef</key>
			<string>B28C13B71A84415A00B86CE4</string>
			<key>isa</key>
			<string>PBXBuildFile</string>
		</dict>
		<key>B28C13C01A84415A00B86CE4</key>
		<dict>
			<key>fileRef</key>
			<string>B28C13B81A84415A00B86CE4</string>
			<key>isa</key>
			<string>PBXBuildFile</string>
		</dict>
		<key>B28C13C11A84415A00B86CE4</key>
		<dict>
			<key>fileRef</key>
			<string>B28C13B91A84415A00B86CE4</string>
			<key>isa</key>
			<string>PBXBuildFile</string>
		</dict>
		<key>B28C13C21A84415A00B86CE4</key>
		<dict>
			<key>fileRef</key>
			<string>B28C13BA1A84415A00B86CE4</string>
			<key>isa</key>
			<string>PBXBuildFile</string>
		</dict>
		<key>B28C13C31A84415A00B86CE4</key>
		<dict>
			<key>fileRef</key>
			<string>B28C13BB1A84415A00B86CE4</string>
			<key>isa</key>
			<string>PBXBuildFile</string>
		</dict>
		<key>B28C13C41A84415A00B86CE4</key>
		<dict>
			<key>fileRef</key>
			<string>B28C13BC1A84415A00B86CE4</string>
			<key>isa</key>
			<string>PBXBuildFile</string>
		</dict>
		<key>B28C13C51A84415A00B86CE4</key>
		<dict>
			<key>fileRef</key>
			<string>B28C13BD1A84415A00B86CE4</string>
			<key>isa</key>
			<string>PBXBuildFile</string>
		</dict>
		<key>B28C13C61A84418500B86CE4</key>
		<dict>
			<key>children</key>
			<array>
				<string>B28C13C71A84418500B86CE4</string>
				<string>B28C13C81A84418500B86CE4</string>
				<string>B28C13C91A84418500B86CE4</string>
				<string>B28C13CA1A84418500B86CE4</string>
				<string>B28C13CB1A84418500B86CE4</string>
				<string>B28C13CC1A84418500B86CE4</string>
				<string>B28C13CD1A84418500B86CE4</string>
				<string>B28C13CE1A84418500B86CE4</string>
				<string>B28C13CF1A84418500B86CE4</string>
				<string>B28C13D01A84418500B86CE4</string>
				<string>B28C13D11A84418500B86CE4</string>
				<string>B28C13D21A84418500B86CE4</string>
				<string>B28C13D31A84418500B86CE4</string>
				<string>B28C13D41A84418500B86CE4</string>
				<string>B28C13D51A84418500B86CE4</string>
			</array>
			<key>isa</key>
			<string>PBXGroup</string>
			<key>path</key>
			<string>service-definitions</string>
			<key>sourceTree</key>
			<string>&lt;group&gt;</string>
		</dict>
		<key>B28C13C71A84418500B86CE4</key>
		<dict>
			<key>fileEncoding</key>
			<string>4</string>
			<key>isa</key>
			<string>PBXFileReference</string>
			<key>lastKnownFileType</key>
			<string>text.json</string>
			<key>path</key>
			<string>autoscaling-2011-01-01.json</string>
			<key>sourceTree</key>
			<string>&lt;group&gt;</string>
		</dict>
		<key>B28C13C81A84418500B86CE4</key>
		<dict>
			<key>fileEncoding</key>
			<string>4</string>
			<key>isa</key>
			<string>PBXFileReference</string>
			<key>lastKnownFileType</key>
			<string>text.json</string>
			<key>path</key>
			<string>cognito-identity-2014-06-30.json</string>
			<key>sourceTree</key>
			<string>&lt;group&gt;</string>
		</dict>
		<key>B28C13C91A84418500B86CE4</key>
		<dict>
			<key>fileEncoding</key>
			<string>4</string>
			<key>isa</key>
			<string>PBXFileReference</string>
			<key>lastKnownFileType</key>
			<string>text.json</string>
			<key>path</key>
			<string>css-2014-06-30.json</string>
			<key>sourceTree</key>
			<string>&lt;group&gt;</string>
		</dict>
		<key>B28C13CA1A84418500B86CE4</key>
		<dict>
			<key>fileEncoding</key>
			<string>4</string>
			<key>isa</key>
			<string>PBXFileReference</string>
			<key>lastKnownFileType</key>
			<string>text.json</string>
			<key>path</key>
			<string>dynamodb-2012-08-10.json</string>
			<key>sourceTree</key>
			<string>&lt;group&gt;</string>
		</dict>
		<key>B28C13CB1A84418500B86CE4</key>
		<dict>
			<key>fileEncoding</key>
			<string>4</string>
			<key>isa</key>
			<string>PBXFileReference</string>
			<key>lastKnownFileType</key>
			<string>text.json</string>
			<key>path</key>
			<string>ec2-2014-09-01.json</string>
			<key>sourceTree</key>
			<string>&lt;group&gt;</string>
		</dict>
		<key>B28C13CC1A84418500B86CE4</key>
		<dict>
			<key>fileEncoding</key>
			<string>4</string>
			<key>isa</key>
			<string>PBXFileReference</string>
			<key>lastKnownFileType</key>
			<string>text.json</string>
			<key>path</key>
			<string>elasticloadbalancing-2012-06-01.json</string>
			<key>sourceTree</key>
			<string>&lt;group&gt;</string>
		</dict>
		<key>B28C13CD1A84418500B86CE4</key>
		<dict>
			<key>fileEncoding</key>
			<string>4</string>
			<key>isa</key>
			<string>PBXFileReference</string>
			<key>lastKnownFileType</key>
			<string>text.json</string>
			<key>path</key>
			<string>email-2010-12-01.json</string>
			<key>sourceTree</key>
			<string>&lt;group&gt;</string>
		</dict>
		<key>B28C13CE1A84418500B86CE4</key>
		<dict>
			<key>fileEncoding</key>
			<string>4</string>
			<key>isa</key>
			<string>PBXFileReference</string>
			<key>lastKnownFileType</key>
			<string>text.json</string>
			<key>path</key>
			<string>kinesis-2013-12-02.json</string>
			<key>sourceTree</key>
			<string>&lt;group&gt;</string>
		</dict>
		<key>B28C13CF1A84418500B86CE4</key>
		<dict>
			<key>fileEncoding</key>
			<string>4</string>
			<key>isa</key>
			<string>PBXFileReference</string>
			<key>lastKnownFileType</key>
			<string>text.json</string>
			<key>path</key>
			<string>mobileanalytics-2014-06-30.json</string>
			<key>sourceTree</key>
			<string>&lt;group&gt;</string>
		</dict>
		<key>B28C13D01A84418500B86CE4</key>
		<dict>
			<key>fileEncoding</key>
			<string>4</string>
			<key>isa</key>
			<string>PBXFileReference</string>
			<key>lastKnownFileType</key>
			<string>text.json</string>
			<key>path</key>
			<string>monitoring-2010-08-01.json</string>
			<key>sourceTree</key>
			<string>&lt;group&gt;</string>
		</dict>
		<key>B28C13D11A84418500B86CE4</key>
		<dict>
			<key>fileEncoding</key>
			<string>4</string>
			<key>isa</key>
			<string>PBXFileReference</string>
			<key>lastKnownFileType</key>
			<string>text.json</string>
			<key>path</key>
			<string>s3-2006-03-01.json</string>
			<key>sourceTree</key>
			<string>&lt;group&gt;</string>
		</dict>
		<key>B28C13D21A84418500B86CE4</key>
		<dict>
			<key>fileEncoding</key>
			<string>4</string>
			<key>isa</key>
			<string>PBXFileReference</string>
			<key>lastKnownFileType</key>
			<string>text.json</string>
			<key>path</key>
			<string>sdb-2009-04-15.json</string>
			<key>sourceTree</key>
			<string>&lt;group&gt;</string>
		</dict>
		<key>B28C13D31A84418500B86CE4</key>
		<dict>
			<key>fileEncoding</key>
			<string>4</string>
			<key>isa</key>
			<string>PBXFileReference</string>
			<key>lastKnownFileType</key>
			<string>text.json</string>
			<key>path</key>
			<string>sns-2010-03-31.json</string>
			<key>sourceTree</key>
			<string>&lt;group&gt;</string>
		</dict>
		<key>B28C13D41A84418500B86CE4</key>
		<dict>
			<key>fileEncoding</key>
			<string>4</string>
			<key>isa</key>
			<string>PBXFileReference</string>
			<key>lastKnownFileType</key>
			<string>text.json</string>
			<key>path</key>
			<string>sqs-2012-11-05.json</string>
			<key>sourceTree</key>
			<string>&lt;group&gt;</string>
		</dict>
		<key>B28C13D51A84418500B86CE4</key>
		<dict>
			<key>fileEncoding</key>
			<string>4</string>
			<key>isa</key>
			<string>PBXFileReference</string>
			<key>lastKnownFileType</key>
			<string>text.json</string>
			<key>path</key>
			<string>sts-2011-06-15.json</string>
			<key>sourceTree</key>
			<string>&lt;group&gt;</string>
		</dict>
		<key>B28C13D61A84418500B86CE4</key>
		<dict>
			<key>fileRef</key>
			<string>B28C13C71A84418500B86CE4</string>
			<key>isa</key>
			<string>PBXBuildFile</string>
		</dict>
		<key>B28C13D71A84418500B86CE4</key>
		<dict>
			<key>fileRef</key>
			<string>B28C13C81A84418500B86CE4</string>
			<key>isa</key>
			<string>PBXBuildFile</string>
		</dict>
		<key>B28C13D81A84418500B86CE4</key>
		<dict>
			<key>fileRef</key>
			<string>B28C13C91A84418500B86CE4</string>
			<key>isa</key>
			<string>PBXBuildFile</string>
		</dict>
		<key>B28C13D91A84418500B86CE4</key>
		<dict>
			<key>fileRef</key>
			<string>B28C13CA1A84418500B86CE4</string>
			<key>isa</key>
			<string>PBXBuildFile</string>
		</dict>
		<key>B28C13DA1A84418500B86CE4</key>
		<dict>
			<key>fileRef</key>
			<string>B28C13CB1A84418500B86CE4</string>
			<key>isa</key>
			<string>PBXBuildFile</string>
		</dict>
		<key>B28C13DB1A84418500B86CE4</key>
		<dict>
			<key>fileRef</key>
			<string>B28C13CC1A84418500B86CE4</string>
			<key>isa</key>
			<string>PBXBuildFile</string>
		</dict>
		<key>B28C13DC1A84418500B86CE4</key>
		<dict>
			<key>fileRef</key>
			<string>B28C13CD1A84418500B86CE4</string>
			<key>isa</key>
			<string>PBXBuildFile</string>
		</dict>
		<key>B28C13DD1A84418500B86CE4</key>
		<dict>
			<key>fileRef</key>
			<string>B28C13CE1A84418500B86CE4</string>
			<key>isa</key>
			<string>PBXBuildFile</string>
		</dict>
		<key>B28C13DE1A84418500B86CE4</key>
		<dict>
			<key>fileRef</key>
			<string>B28C13CF1A84418500B86CE4</string>
			<key>isa</key>
			<string>PBXBuildFile</string>
		</dict>
		<key>B28C13DF1A84418500B86CE4</key>
		<dict>
			<key>fileRef</key>
			<string>B28C13D01A84418500B86CE4</string>
			<key>isa</key>
			<string>PBXBuildFile</string>
		</dict>
		<key>B28C13E01A84418500B86CE4</key>
		<dict>
			<key>fileRef</key>
			<string>B28C13D11A84418500B86CE4</string>
			<key>isa</key>
			<string>PBXBuildFile</string>
		</dict>
		<key>B28C13E11A84418500B86CE4</key>
		<dict>
			<key>fileRef</key>
			<string>B28C13D21A84418500B86CE4</string>
			<key>isa</key>
			<string>PBXBuildFile</string>
		</dict>
		<key>B28C13E21A84418500B86CE4</key>
		<dict>
			<key>fileRef</key>
			<string>B28C13D31A84418500B86CE4</string>
			<key>isa</key>
			<string>PBXBuildFile</string>
		</dict>
		<key>B28C13E31A84418500B86CE4</key>
		<dict>
			<key>fileRef</key>
			<string>B28C13D41A84418500B86CE4</string>
			<key>isa</key>
			<string>PBXBuildFile</string>
		</dict>
		<key>B28C13E41A84418500B86CE4</key>
		<dict>
			<key>fileRef</key>
			<string>B28C13D51A84418500B86CE4</string>
			<key>isa</key>
			<string>PBXBuildFile</string>
		</dict>
		<key>B28C13E51A844CD400B86CE4</key>
		<dict>
			<key>buildActionMask</key>
			<string>2147483647</string>
			<key>dstPath</key>
			<string></string>
			<key>dstSubfolderSpec</key>
			<string>10</string>
			<key>files</key>
			<array>
				<string>B28C13E61A844CE500B86CE4</string>
				<string>B28C13E71A844CE500B86CE4</string>
				<string>B28C13E81A844CE500B86CE4</string>
				<string>B28C13E91A844CE500B86CE4</string>
				<string>B28C13EA1A844CE500B86CE4</string>
				<string>B28C13EB1A844CE500B86CE4</string>
				<string>B28C13EC1A844CE500B86CE4</string>
				<string>B28C13ED1A844CE500B86CE4</string>
				<string>B28C13EE1A844CE500B86CE4</string>
				<string>B28C13EF1A844CE500B86CE4</string>
			</array>
			<key>isa</key>
			<string>PBXCopyFilesBuildPhase</string>
			<key>name</key>
			<string>Copy Frameworks</string>
			<key>runOnlyForDeploymentPostprocessing</key>
			<string>0</string>
		</dict>
		<key>B28C13E61A844CE500B86CE4</key>
		<dict>
			<key>fileRef</key>
			<string>B28C13B61A84415A00B86CE4</string>
			<key>isa</key>
			<string>PBXBuildFile</string>
			<key>settings</key>
			<dict>
				<key>ATTRIBUTES</key>
				<array>
					<string>CodeSignOnCopy</string>
					<string>RemoveHeadersOnCopy</string>
				</array>
			</dict>
		</dict>
		<key>B28C13E71A844CE500B86CE4</key>
		<dict>
			<key>fileRef</key>
			<string>B28C13B71A84415A00B86CE4</string>
			<key>isa</key>
			<string>PBXBuildFile</string>
			<key>settings</key>
			<dict>
				<key>ATTRIBUTES</key>
				<array>
					<string>CodeSignOnCopy</string>
					<string>RemoveHeadersOnCopy</string>
				</array>
			</dict>
		</dict>
		<key>B28C13E81A844CE500B86CE4</key>
		<dict>
			<key>fileRef</key>
			<string>B28C13B81A84415A00B86CE4</string>
			<key>isa</key>
			<string>PBXBuildFile</string>
			<key>settings</key>
			<dict>
				<key>ATTRIBUTES</key>
				<array>
					<string>CodeSignOnCopy</string>
					<string>RemoveHeadersOnCopy</string>
				</array>
			</dict>
		</dict>
		<key>B28C13E91A844CE500B86CE4</key>
		<dict>
			<key>fileRef</key>
			<string>B28C13B91A84415A00B86CE4</string>
			<key>isa</key>
			<string>PBXBuildFile</string>
			<key>settings</key>
			<dict>
				<key>ATTRIBUTES</key>
				<array>
					<string>CodeSignOnCopy</string>
					<string>RemoveHeadersOnCopy</string>
				</array>
			</dict>
		</dict>
		<key>B28C13EA1A844CE500B86CE4</key>
		<dict>
			<key>fileRef</key>
			<string>B28C13BA1A84415A00B86CE4</string>
			<key>isa</key>
			<string>PBXBuildFile</string>
			<key>settings</key>
			<dict>
				<key>ATTRIBUTES</key>
				<array>
					<string>CodeSignOnCopy</string>
					<string>RemoveHeadersOnCopy</string>
				</array>
			</dict>
		</dict>
		<key>B28C13EB1A844CE500B86CE4</key>
		<dict>
			<key>fileRef</key>
			<string>B28C13BB1A84415A00B86CE4</string>
			<key>isa</key>
			<string>PBXBuildFile</string>
			<key>settings</key>
			<dict>
				<key>ATTRIBUTES</key>
				<array>
					<string>CodeSignOnCopy</string>
					<string>RemoveHeadersOnCopy</string>
				</array>
			</dict>
		</dict>
		<key>B28C13EC1A844CE500B86CE4</key>
		<dict>
			<key>fileRef</key>
			<string>B28C13BC1A84415A00B86CE4</string>
			<key>isa</key>
			<string>PBXBuildFile</string>
			<key>settings</key>
			<dict>
				<key>ATTRIBUTES</key>
				<array>
					<string>CodeSignOnCopy</string>
					<string>RemoveHeadersOnCopy</string>
				</array>
			</dict>
		</dict>
		<key>B28C13ED1A844CE500B86CE4</key>
		<dict>
			<key>fileRef</key>
			<string>B28C13BD1A84415A00B86CE4</string>
			<key>isa</key>
			<string>PBXBuildFile</string>
			<key>settings</key>
			<dict>
				<key>ATTRIBUTES</key>
				<array>
					<string>CodeSignOnCopy</string>
					<string>RemoveHeadersOnCopy</string>
				</array>
			</dict>
		</dict>
		<key>B28C13EE1A844CE500B86CE4</key>
		<dict>
			<key>fileRef</key>
			<string>B28C13B21A84412400B86CE4</string>
			<key>isa</key>
			<string>PBXBuildFile</string>
			<key>settings</key>
			<dict>
				<key>ATTRIBUTES</key>
				<array>
					<string>CodeSignOnCopy</string>
					<string>RemoveHeadersOnCopy</string>
				</array>
			</dict>
		</dict>
		<key>B28C13EF1A844CE500B86CE4</key>
		<dict>
			<key>fileRef</key>
			<string>B28C13B31A84412400B86CE4</string>
			<key>isa</key>
			<string>PBXBuildFile</string>
			<key>settings</key>
			<dict>
				<key>ATTRIBUTES</key>
				<array>
					<string>CodeSignOnCopy</string>
					<string>RemoveHeadersOnCopy</string>
				</array>
			</dict>
		</dict>
		<key>B28C13F01A844D1300B86CE4</key>
		<dict>
			<key>isa</key>
			<string>PBXFileReference</string>
			<key>lastKnownFileType</key>
			<string>compiled.mach-o.dylib</string>
			<key>name</key>
			<string>libz.dylib</string>
			<key>path</key>
			<string>usr/lib/libz.dylib</string>
			<key>sourceTree</key>
			<string>SDKROOT</string>
		</dict>
		<key>B28C13F11A844D1400B86CE4</key>
		<dict>
			<key>fileRef</key>
			<string>B28C13F01A844D1300B86CE4</string>
			<key>isa</key>
			<string>PBXBuildFile</string>
		</dict>
		<key>B28C13F21A844D1900B86CE4</key>
		<dict>
			<key>isa</key>
			<string>PBXFileReference</string>
			<key>lastKnownFileType</key>
			<string>compiled.mach-o.dylib</string>
			<key>name</key>
			<string>libsqlite3.dylib</string>
			<key>path</key>
			<string>usr/lib/libsqlite3.dylib</string>
			<key>sourceTree</key>
			<string>SDKROOT</string>
		</dict>
		<key>B28C13F31A844D1900B86CE4</key>
		<dict>
			<key>fileRef</key>
			<string>B28C13F21A844D1900B86CE4</string>
			<key>isa</key>
			<string>PBXBuildFile</string>
		</dict>
		<key>B28C13F41A844D5F00B86CE4</key>
		<dict>
			<key>isa</key>
			<string>PBXFileReference</string>
			<key>lastKnownFileType</key>
			<string>sourcecode.c.h</string>
			<key>path</key>
			<string>aws-ios-header.h</string>
			<key>sourceTree</key>
			<string>&lt;group&gt;</string>
		</dict>
		<key>B28C13F51A844DCB00B86CE4</key>
		<dict>
			<key>fileEncoding</key>
			<string>4</string>
			<key>isa</key>
			<string>PBXFileReference</string>
			<key>lastKnownFileType</key>
			<string>sourcecode.swift</string>
			<key>path</key>
			<string>Constants.swift</string>
			<key>sourceTree</key>
			<string>&lt;group&gt;</string>
		</dict>
		<key>B28C13F61A844DCB00B86CE4</key>
		<dict>
			<key>fileRef</key>
			<string>B28C13F51A844DCB00B86CE4</string>
			<key>isa</key>
			<string>PBXBuildFile</string>
		</dict>
		<key>B28C13F91A86B44000B86CE4</key>
		<dict>
			<key>fileEncoding</key>
			<string>4</string>
			<key>isa</key>
			<string>PBXFileReference</string>
			<key>lastKnownFileType</key>
			<string>text</string>
			<key>path</key>
			<string>Podfile</string>
			<key>sourceTree</key>
			<string>&lt;group&gt;</string>
		</dict>
		<key>B28C13FA1A86B44000B86CE4</key>
		<dict>
			<key>fileRef</key>
			<string>B28C13F91A86B44000B86CE4</string>
			<key>isa</key>
			<string>PBXBuildFile</string>
		</dict>
		<key>C812F36E79FA01E73EAB17F8</key>
		<dict>
			<key>includeInIndex</key>
			<string>1</string>
			<key>isa</key>
			<string>PBXFileReference</string>
			<key>lastKnownFileType</key>
			<string>text.xcconfig</string>
			<key>name</key>
			<string>Pods.release.xcconfig</string>
			<key>path</key>
			<string>aws/Pods/Target Support Files/Pods/Pods.release.xcconfig</string>
			<key>sourceTree</key>
			<string>&lt;group&gt;</string>
		</dict>
		<key>F4F747CBDB3CC3AF4FAFAF84</key>
		<dict>
			<key>fileRef</key>
			<string>90FD0F41F5A5B5A430060F7A</string>
			<key>isa</key>
			<string>PBXBuildFile</string>
		</dict>
	</dict>
	<key>rootObject</key>
	<string>B28C13811A84288300B86CE4</string>
</dict>
</plist>
