// !$*UTF8*$!
{
	archiveVersion = 1;
	classes = {
	};
	objectVersion = 46;
	objects = {

/* Begin PBXBuildFile section */
		B28C138F1A84288300B86CE4 /* AppDelegate.swift in Sources */ = {isa = PBXBuildFile; fileRef = B28C138E1A84288300B86CE4 /* AppDelegate.swift */; };
		B28C13921A84288300B86CE4 /* aws.xcdatamodeld in Sources */ = {isa = PBXBuildFile; fileRef = B28C13901A84288300B86CE4 /* aws.xcdatamodeld */; };
		B28C13941A84288300B86CE4 /* ViewController.swift in Sources */ = {isa = PBXBuildFile; fileRef = B28C13931A84288300B86CE4 /* ViewController.swift */; };
		B28C13971A84288300B86CE4 /* Main.storyboard in Resources */ = {isa = PBXBuildFile; fileRef = B28C13951A84288300B86CE4 /* Main.storyboard */; };
		B28C13991A84288300B86CE4 /* Images.xcassets in Resources */ = {isa = PBXBuildFile; fileRef = B28C13981A84288300B86CE4 /* Images.xcassets */; };
		B28C139C1A84288300B86CE4 /* LaunchScreen.xib in Resources */ = {isa = PBXBuildFile; fileRef = B28C139A1A84288300B86CE4 /* LaunchScreen.xib */; };
		B28C13A81A84288300B86CE4 /* awsTests.swift in Sources */ = {isa = PBXBuildFile; fileRef = B28C13A71A84288300B86CE4 /* awsTests.swift */; };
		B28C13B41A84412400B86CE4 /* AWSCognitoSync.framework in Frameworks */ = {isa = PBXBuildFile; fileRef = B28C13B21A84412400B86CE4 /* AWSCognitoSync.framework */; };
		B28C13B51A84412400B86CE4 /* AWSiOSSDKv2.framework in Frameworks */ = {isa = PBXBuildFile; fileRef = B28C13B31A84412400B86CE4 /* AWSiOSSDKv2.framework */; };
		B28C13BE1A84415A00B86CE4 /* Bolts.framework in Frameworks */ = {isa = PBXBuildFile; fileRef = B28C13B61A84415A00B86CE4 /* Bolts.framework */; };
		B28C13BF1A84415A00B86CE4 /* FMDB.framework in Frameworks */ = {isa = PBXBuildFile; fileRef = B28C13B71A84415A00B86CE4 /* FMDB.framework */; };
		B28C13C01A84415A00B86CE4 /* GZIP.framework in Frameworks */ = {isa = PBXBuildFile; fileRef = B28C13B81A84415A00B86CE4 /* GZIP.framework */; };
		B28C13C11A84415A00B86CE4 /* Mantle.framework in Frameworks */ = {isa = PBXBuildFile; fileRef = B28C13B91A84415A00B86CE4 /* Mantle.framework */; };
		B28C13C21A84415A00B86CE4 /* Reachability.framework in Frameworks */ = {isa = PBXBuildFile; fileRef = B28C13BA1A84415A00B86CE4 /* Reachability.framework */; };
		B28C13C31A84415A00B86CE4 /* TMCache.framework in Frameworks */ = {isa = PBXBuildFile; fileRef = B28C13BB1A84415A00B86CE4 /* TMCache.framework */; };
		B28C13C41A84415A00B86CE4 /* UICKeyChainStore.framework in Frameworks */ = {isa = PBXBuildFile; fileRef = B28C13BC1A84415A00B86CE4 /* UICKeyChainStore.framework */; };
		B28C13C51A84415A00B86CE4 /* XMLDictionary.framework in Frameworks */ = {isa = PBXBuildFile; fileRef = B28C13BD1A84415A00B86CE4 /* XMLDictionary.framework */; };
		B28C13D61A84418500B86CE4 /* autoscaling-2011-01-01.json in Resources */ = {isa = PBXBuildFile; fileRef = B28C13C71A84418500B86CE4 /* autoscaling-2011-01-01.json */; };
		B28C13D71A84418500B86CE4 /* cognito-identity-2014-06-30.json in Resources */ = {isa = PBXBuildFile; fileRef = B28C13C81A84418500B86CE4 /* cognito-identity-2014-06-30.json */; };
		B28C13D81A84418500B86CE4 /* css-2014-06-30.json in Resources */ = {isa = PBXBuildFile; fileRef = B28C13C91A84418500B86CE4 /* css-2014-06-30.json */; };
		B28C13D91A84418500B86CE4 /* dynamodb-2012-08-10.json in Resources */ = {isa = PBXBuildFile; fileRef = B28C13CA1A84418500B86CE4 /* dynamodb-2012-08-10.json */; };
		B28C13DA1A84418500B86CE4 /* ec2-2014-09-01.json in Resources */ = {isa = PBXBuildFile; fileRef = B28C13CB1A84418500B86CE4 /* ec2-2014-09-01.json */; };
		B28C13DB1A84418500B86CE4 /* elasticloadbalancing-2012-06-01.json in Resources */ = {isa = PBXBuildFile; fileRef = B28C13CC1A84418500B86CE4 /* elasticloadbalancing-2012-06-01.json */; };
		B28C13DC1A84418500B86CE4 /* email-2010-12-01.json in Resources */ = {isa = PBXBuildFile; fileRef = B28C13CD1A84418500B86CE4 /* email-2010-12-01.json */; };
		B28C13DD1A84418500B86CE4 /* kinesis-2013-12-02.json in Resources */ = {isa = PBXBuildFile; fileRef = B28C13CE1A84418500B86CE4 /* kinesis-2013-12-02.json */; };
		B28C13DE1A84418500B86CE4 /* mobileanalytics-2014-06-30.json in Resources */ = {isa = PBXBuildFile; fileRef = B28C13CF1A84418500B86CE4 /* mobileanalytics-2014-06-30.json */; };
		B28C13DF1A84418500B86CE4 /* monitoring-2010-08-01.json in Resources */ = {isa = PBXBuildFile; fileRef = B28C13D01A84418500B86CE4 /* monitoring-2010-08-01.json */; };
		B28C13E01A84418500B86CE4 /* s3-2006-03-01.json in Resources */ = {isa = PBXBuildFile; fileRef = B28C13D11A84418500B86CE4 /* s3-2006-03-01.json */; };
		B28C13E11A84418500B86CE4 /* sdb-2009-04-15.json in Resources */ = {isa = PBXBuildFile; fileRef = B28C13D21A84418500B86CE4 /* sdb-2009-04-15.json */; };
		B28C13E21A84418500B86CE4 /* sns-2010-03-31.json in Resources */ = {isa = PBXBuildFile; fileRef = B28C13D31A84418500B86CE4 /* sns-2010-03-31.json */; };
		B28C13E31A84418500B86CE4 /* sqs-2012-11-05.json in Resources */ = {isa = PBXBuildFile; fileRef = B28C13D41A84418500B86CE4 /* sqs-2012-11-05.json */; };
		B28C13E41A84418500B86CE4 /* sts-2011-06-15.json in Resources */ = {isa = PBXBuildFile; fileRef = B28C13D51A84418500B86CE4 /* sts-2011-06-15.json */; };
		B28C13E61A844CE500B86CE4 /* Bolts.framework in Copy Frameworks */ = {isa = PBXBuildFile; fileRef = B28C13B61A84415A00B86CE4 /* Bolts.framework */; settings = {ATTRIBUTES = (CodeSignOnCopy, RemoveHeadersOnCopy, ); }; };
		B28C13E71A844CE500B86CE4 /* FMDB.framework in Copy Frameworks */ = {isa = PBXBuildFile; fileRef = B28C13B71A84415A00B86CE4 /* FMDB.framework */; settings = {ATTRIBUTES = (CodeSignOnCopy, RemoveHeadersOnCopy, ); }; };
		B28C13E81A844CE500B86CE4 /* GZIP.framework in Copy Frameworks */ = {isa = PBXBuildFile; fileRef = B28C13B81A84415A00B86CE4 /* GZIP.framework */; settings = {ATTRIBUTES = (CodeSignOnCopy, RemoveHeadersOnCopy, ); }; };
		B28C13E91A844CE500B86CE4 /* Mantle.framework in Copy Frameworks */ = {isa = PBXBuildFile; fileRef = B28C13B91A84415A00B86CE4 /* Mantle.framework */; settings = {ATTRIBUTES = (CodeSignOnCopy, RemoveHeadersOnCopy, ); }; };
		B28C13EA1A844CE500B86CE4 /* Reachability.framework in Copy Frameworks */ = {isa = PBXBuildFile; fileRef = B28C13BA1A84415A00B86CE4 /* Reachability.framework */; settings = {ATTRIBUTES = (CodeSignOnCopy, RemoveHeadersOnCopy, ); }; };
		B28C13EB1A844CE500B86CE4 /* TMCache.framework in Copy Frameworks */ = {isa = PBXBuildFile; fileRef = B28C13BB1A84415A00B86CE4 /* TMCache.framework */; settings = {ATTRIBUTES = (CodeSignOnCopy, RemoveHeadersOnCopy, ); }; };
		B28C13EC1A844CE500B86CE4 /* UICKeyChainStore.framework in Copy Frameworks */ = {isa = PBXBuildFile; fileRef = B28C13BC1A84415A00B86CE4 /* UICKeyChainStore.framework */; settings = {ATTRIBUTES = (CodeSignOnCopy, RemoveHeadersOnCopy, ); }; };
		B28C13ED1A844CE500B86CE4 /* XMLDictionary.framework in Copy Frameworks */ = {isa = PBXBuildFile; fileRef = B28C13BD1A84415A00B86CE4 /* XMLDictionary.framework */; settings = {ATTRIBUTES = (CodeSignOnCopy, RemoveHeadersOnCopy, ); }; };
		B28C13EE1A844CE500B86CE4 /* AWSCognitoSync.framework in Copy Frameworks */ = {isa = PBXBuildFile; fileRef = B28C13B21A84412400B86CE4 /* AWSCognitoSync.framework */; settings = {ATTRIBUTES = (CodeSignOnCopy, RemoveHeadersOnCopy, ); }; };
		B28C13EF1A844CE500B86CE4 /* AWSiOSSDKv2.framework in Copy Frameworks */ = {isa = PBXBuildFile; fileRef = B28C13B31A84412400B86CE4 /* AWSiOSSDKv2.framework */; settings = {ATTRIBUTES = (CodeSignOnCopy, RemoveHeadersOnCopy, ); }; };
		B28C13F11A844D1400B86CE4 /* libz.dylib in Frameworks */ = {isa = PBXBuildFile; fileRef = B28C13F01A844D1300B86CE4 /* libz.dylib */; };
		B28C13F31A844D1900B86CE4 /* libsqlite3.dylib in Frameworks */ = {isa = PBXBuildFile; fileRef = B28C13F21A844D1900B86CE4 /* libsqlite3.dylib */; };
		B28C13F61A844DCB00B86CE4 /* Constants.swift in Sources */ = {isa = PBXBuildFile; fileRef = B28C13F51A844DCB00B86CE4 /* Constants.swift */; };
/* End PBXBuildFile section */

/* Begin PBXContainerItemProxy section */
		B28C13A21A84288300B86CE4 /* PBXContainerItemProxy */ = {
			isa = PBXContainerItemProxy;
			containerPortal = B28C13811A84288300B86CE4 /* Project object */;
			proxyType = 1;
			remoteGlobalIDString = B28C13881A84288300B86CE4;
			remoteInfo = aws;
		};
/* End PBXContainerItemProxy section */

/* Begin PBXCopyFilesBuildPhase section */
		B28C13E51A844CD400B86CE4 /* Copy Frameworks */ = {
			isa = PBXCopyFilesBuildPhase;
			buildActionMask = 2147483647;
			dstPath = "";
			dstSubfolderSpec = 10;
			files = (
				B28C13E61A844CE500B86CE4 /* Bolts.framework in Copy Frameworks */,
				B28C13E71A844CE500B86CE4 /* FMDB.framework in Copy Frameworks */,
				B28C13E81A844CE500B86CE4 /* GZIP.framework in Copy Frameworks */,
				B28C13E91A844CE500B86CE4 /* Mantle.framework in Copy Frameworks */,
				B28C13EA1A844CE500B86CE4 /* Reachability.framework in Copy Frameworks */,
				B28C13EB1A844CE500B86CE4 /* TMCache.framework in Copy Frameworks */,
				B28C13EC1A844CE500B86CE4 /* UICKeyChainStore.framework in Copy Frameworks */,
				B28C13ED1A844CE500B86CE4 /* XMLDictionary.framework in Copy Frameworks */,
				B28C13EE1A844CE500B86CE4 /* AWSCognitoSync.framework in Copy Frameworks */,
				B28C13EF1A844CE500B86CE4 /* AWSiOSSDKv2.framework in Copy Frameworks */,
			);
			name = "Copy Frameworks";
			runOnlyForDeploymentPostprocessing = 0;
		};
/* End PBXCopyFilesBuildPhase section */

/* Begin PBXFileReference section */
		B28C13891A84288300B86CE4 /* aws.app */ = {isa = PBXFileReference; explicitFileType = wrapper.application; includeInIndex = 0; path = aws.app; sourceTree = BUILT_PRODUCTS_DIR; };
		B28C138D1A84288300B86CE4 /* Info.plist */ = {isa = PBXFileReference; lastKnownFileType = text.plist.xml; path = Info.plist; sourceTree = "<group>"; };
		B28C138E1A84288300B86CE4 /* AppDelegate.swift */ = {isa = PBXFileReference; lastKnownFileType = sourcecode.swift; path = AppDelegate.swift; sourceTree = "<group>"; };
		B28C13911A84288300B86CE4 /* aws.xcdatamodel */ = {isa = PBXFileReference; lastKnownFileType = wrapper.xcdatamodel; path = aws.xcdatamodel; sourceTree = "<group>"; };
		B28C13931A84288300B86CE4 /* ViewController.swift */ = {isa = PBXFileReference; lastKnownFileType = sourcecode.swift; path = ViewController.swift; sourceTree = "<group>"; };
		B28C13961A84288300B86CE4 /* Base */ = {isa = PBXFileReference; lastKnownFileType = file.storyboard; name = Base; path = Base.lproj/Main.storyboard; sourceTree = "<group>"; };
		B28C13981A84288300B86CE4 /* Images.xcassets */ = {isa = PBXFileReference; lastKnownFileType = folder.assetcatalog; path = Images.xcassets; sourceTree = "<group>"; };
		B28C139B1A84288300B86CE4 /* Base */ = {isa = PBXFileReference; lastKnownFileType = file.xib; name = Base; path = Base.lproj/LaunchScreen.xib; sourceTree = "<group>"; };
		B28C13A11A84288300B86CE4 /* awsTests.xctest */ = {isa = PBXFileReference; explicitFileType = wrapper.cfbundle; includeInIndex = 0; path = awsTests.xctest; sourceTree = BUILT_PRODUCTS_DIR; };
		B28C13A61A84288300B86CE4 /* Info.plist */ = {isa = PBXFileReference; lastKnownFileType = text.plist.xml; path = Info.plist; sourceTree = "<group>"; };
		B28C13A71A84288300B86CE4 /* awsTests.swift */ = {isa = PBXFileReference; lastKnownFileType = sourcecode.swift; path = awsTests.swift; sourceTree = "<group>"; };
		B28C13B21A84412400B86CE4 /* AWSCognitoSync.framework */ = {isa = PBXFileReference; lastKnownFileType = wrapper.framework; path = AWSCognitoSync.framework; sourceTree = "<group>"; };
		B28C13B31A84412400B86CE4 /* AWSiOSSDKv2.framework */ = {isa = PBXFileReference; lastKnownFileType = wrapper.framework; path = AWSiOSSDKv2.framework; sourceTree = "<group>"; };
		B28C13B61A84415A00B86CE4 /* Bolts.framework */ = {isa = PBXFileReference; lastKnownFileType = wrapper.framework; path = Bolts.framework; sourceTree = "<group>"; };
		B28C13B71A84415A00B86CE4 /* FMDB.framework */ = {isa = PBXFileReference; lastKnownFileType = wrapper.framework; path = FMDB.framework; sourceTree = "<group>"; };
		B28C13B81A84415A00B86CE4 /* GZIP.framework */ = {isa = PBXFileReference; lastKnownFileType = wrapper.framework; path = GZIP.framework; sourceTree = "<group>"; };
		B28C13B91A84415A00B86CE4 /* Mantle.framework */ = {isa = PBXFileReference; lastKnownFileType = wrapper.framework; path = Mantle.framework; sourceTree = "<group>"; };
		B28C13BA1A84415A00B86CE4 /* Reachability.framework */ = {isa = PBXFileReference; lastKnownFileType = wrapper.framework; path = Reachability.framework; sourceTree = "<group>"; };
		B28C13BB1A84415A00B86CE4 /* TMCache.framework */ = {isa = PBXFileReference; lastKnownFileType = wrapper.framework; path = TMCache.framework; sourceTree = "<group>"; };
		B28C13BC1A84415A00B86CE4 /* UICKeyChainStore.framework */ = {isa = PBXFileReference; lastKnownFileType = wrapper.framework; path = UICKeyChainStore.framework; sourceTree = "<group>"; };
		B28C13BD1A84415A00B86CE4 /* XMLDictionary.framework */ = {isa = PBXFileReference; lastKnownFileType = wrapper.framework; path = XMLDictionary.framework; sourceTree = "<group>"; };
		B28C13C71A84418500B86CE4 /* autoscaling-2011-01-01.json */ = {isa = PBXFileReference; fileEncoding = 4; lastKnownFileType = text.json; path = "autoscaling-2011-01-01.json"; sourceTree = "<group>"; };
		B28C13C81A84418500B86CE4 /* cognito-identity-2014-06-30.json */ = {isa = PBXFileReference; fileEncoding = 4; lastKnownFileType = text.json; path = "cognito-identity-2014-06-30.json"; sourceTree = "<group>"; };
		B28C13C91A84418500B86CE4 /* css-2014-06-30.json */ = {isa = PBXFileReference; fileEncoding = 4; lastKnownFileType = text.json; path = "css-2014-06-30.json"; sourceTree = "<group>"; };
		B28C13CA1A84418500B86CE4 /* dynamodb-2012-08-10.json */ = {isa = PBXFileReference; fileEncoding = 4; lastKnownFileType = text.json; path = "dynamodb-2012-08-10.json"; sourceTree = "<group>"; };
		B28C13CB1A84418500B86CE4 /* ec2-2014-09-01.json */ = {isa = PBXFileReference; fileEncoding = 4; lastKnownFileType = text.json; path = "ec2-2014-09-01.json"; sourceTree = "<group>"; };
		B28C13CC1A84418500B86CE4 /* elasticloadbalancing-2012-06-01.json */ = {isa = PBXFileReference; fileEncoding = 4; lastKnownFileType = text.json; path = "elasticloadbalancing-2012-06-01.json"; sourceTree = "<group>"; };
		B28C13CD1A84418500B86CE4 /* email-2010-12-01.json */ = {isa = PBXFileReference; fileEncoding = 4; lastKnownFileType = text.json; path = "email-2010-12-01.json"; sourceTree = "<group>"; };
		B28C13CE1A84418500B86CE4 /* kinesis-2013-12-02.json */ = {isa = PBXFileReference; fileEncoding = 4; lastKnownFileType = text.json; path = "kinesis-2013-12-02.json"; sourceTree = "<group>"; };
		B28C13CF1A84418500B86CE4 /* mobileanalytics-2014-06-30.json */ = {isa = PBXFileReference; fileEncoding = 4; lastKnownFileType = text.json; path = "mobileanalytics-2014-06-30.json"; sourceTree = "<group>"; };
		B28C13D01A84418500B86CE4 /* monitoring-2010-08-01.json */ = {isa = PBXFileReference; fileEncoding = 4; lastKnownFileType = text.json; path = "monitoring-2010-08-01.json"; sourceTree = "<group>"; };
		B28C13D11A84418500B86CE4 /* s3-2006-03-01.json */ = {isa = PBXFileReference; fileEncoding = 4; lastKnownFileType = text.json; path = "s3-2006-03-01.json"; sourceTree = "<group>"; };
		B28C13D21A84418500B86CE4 /* sdb-2009-04-15.json */ = {isa = PBXFileReference; fileEncoding = 4; lastKnownFileType = text.json; path = "sdb-2009-04-15.json"; sourceTree = "<group>"; };
		B28C13D31A84418500B86CE4 /* sns-2010-03-31.json */ = {isa = PBXFileReference; fileEncoding = 4; lastKnownFileType = text.json; path = "sns-2010-03-31.json"; sourceTree = "<group>"; };
		B28C13D41A84418500B86CE4 /* sqs-2012-11-05.json */ = {isa = PBXFileReference; fileEncoding = 4; lastKnownFileType = text.json; path = "sqs-2012-11-05.json"; sourceTree = "<group>"; };
		B28C13D51A84418500B86CE4 /* sts-2011-06-15.json */ = {isa = PBXFileReference; fileEncoding = 4; lastKnownFileType = text.json; path = "sts-2011-06-15.json"; sourceTree = "<group>"; };
		B28C13F01A844D1300B86CE4 /* libz.dylib */ = {isa = PBXFileReference; lastKnownFileType = "compiled.mach-o.dylib"; name = libz.dylib; path = usr/lib/libz.dylib; sourceTree = SDKROOT; };
		B28C13F21A844D1900B86CE4 /* libsqlite3.dylib */ = {isa = PBXFileReference; lastKnownFileType = "compiled.mach-o.dylib"; name = libsqlite3.dylib; path = usr/lib/libsqlite3.dylib; sourceTree = SDKROOT; };
		B28C13F41A844D5F00B86CE4 /* aws-ios-header.h */ = {isa = PBXFileReference; lastKnownFileType = sourcecode.c.h; path = "aws-ios-header.h"; sourceTree = "<group>"; };
		B28C13F51A844DCB00B86CE4 /* Constants.swift */ = {isa = PBXFileReference; fileEncoding = 4; lastKnownFileType = sourcecode.swift; path = Constants.swift; sourceTree = "<group>"; };
/* End PBXFileReference section */

/* Begin PBXFrameworksBuildPhase section */
		B28C13861A84288300B86CE4 /* Frameworks */ = {
			isa = PBXFrameworksBuildPhase;
			buildActionMask = 2147483647;
			files = (
				B28C13F31A844D1900B86CE4 /* libsqlite3.dylib in Frameworks */,
				B28C13F11A844D1400B86CE4 /* libz.dylib in Frameworks */,
				B28C13BE1A84415A00B86CE4 /* Bolts.framework in Frameworks */,
				B28C13B41A84412400B86CE4 /* AWSCognitoSync.framework in Frameworks */,
				B28C13C31A84415A00B86CE4 /* TMCache.framework in Frameworks */,
				B28C13C41A84415A00B86CE4 /* UICKeyChainStore.framework in Frameworks */,
				B28C13C01A84415A00B86CE4 /* GZIP.framework in Frameworks */,
				B28C13B51A84412400B86CE4 /* AWSiOSSDKv2.framework in Frameworks */,
				B28C13C51A84415A00B86CE4 /* XMLDictionary.framework in Frameworks */,
				B28C13BF1A84415A00B86CE4 /* FMDB.framework in Frameworks */,
				B28C13C11A84415A00B86CE4 /* Mantle.framework in Frameworks */,
				B28C13C21A84415A00B86CE4 /* Reachability.framework in Frameworks */,
			);
			runOnlyForDeploymentPostprocessing = 0;
		};
		B28C139E1A84288300B86CE4 /* Frameworks */ = {
			isa = PBXFrameworksBuildPhase;
			buildActionMask = 2147483647;
			files = (
			);
			runOnlyForDeploymentPostprocessing = 0;
		};
/* End PBXFrameworksBuildPhase section */

/* Begin PBXGroup section */
		B28C13801A84288300B86CE4 = {
			isa = PBXGroup;
			children = (
				B28C13F21A844D1900B86CE4 /* libsqlite3.dylib */,
				B28C13F01A844D1300B86CE4 /* libz.dylib */,
				B28C138B1A84288300B86CE4 /* aws */,
				B28C13A41A84288300B86CE4 /* awsTests */,
				B28C138A1A84288300B86CE4 /* Products */,
			);
			sourceTree = "<group>";
		};
		B28C138A1A84288300B86CE4 /* Products */ = {
			isa = PBXGroup;
			children = (
				B28C13891A84288300B86CE4 /* aws.app */,
				B28C13A11A84288300B86CE4 /* awsTests.xctest */,
			);
			name = Products;
			sourceTree = "<group>";
		};
		B28C138B1A84288300B86CE4 /* aws */ = {
			isa = PBXGroup;
			children = (
				B28C13F51A844DCB00B86CE4 /* Constants.swift */,
				B28C13C61A84418500B86CE4 /* service-definitions */,
				B28C13B11A84412400B86CE4 /* Frameworks */,
				B28C138E1A84288300B86CE4 /* AppDelegate.swift */,
				B28C13931A84288300B86CE4 /* ViewController.swift */,
				B28C13951A84288300B86CE4 /* Main.storyboard */,
				B28C13981A84288300B86CE4 /* Images.xcassets */,
				B28C139A1A84288300B86CE4 /* LaunchScreen.xib */,
				B28C13901A84288300B86CE4 /* aws.xcdatamodeld */,
				B28C138C1A84288300B86CE4 /* Supporting Files */,
				B28C13F41A844D5F00B86CE4 /* aws-ios-header.h */,
			);
			path = aws;
			sourceTree = "<group>";
		};
		B28C138C1A84288300B86CE4 /* Supporting Files */ = {
			isa = PBXGroup;
			children = (
				B28C138D1A84288300B86CE4 /* Info.plist */,
			);
			name = "Supporting Files";
			sourceTree = "<group>";
		};
		B28C13A41A84288300B86CE4 /* awsTests */ = {
			isa = PBXGroup;
			children = (
				B28C13A71A84288300B86CE4 /* awsTests.swift */,
				B28C13A51A84288300B86CE4 /* Supporting Files */,
			);
			path = awsTests;
			sourceTree = "<group>";
		};
		B28C13A51A84288300B86CE4 /* Supporting Files */ = {
			isa = PBXGroup;
			children = (
				B28C13A61A84288300B86CE4 /* Info.plist */,
			);
			name = "Supporting Files";
			sourceTree = "<group>";
		};
		B28C13B11A84412400B86CE4 /* Frameworks */ = {
			isa = PBXGroup;
			children = (
				B28C13B61A84415A00B86CE4 /* Bolts.framework */,
				B28C13B71A84415A00B86CE4 /* FMDB.framework */,
				B28C13B81A84415A00B86CE4 /* GZIP.framework */,
				B28C13B91A84415A00B86CE4 /* Mantle.framework */,
				B28C13BA1A84415A00B86CE4 /* Reachability.framework */,
				B28C13BB1A84415A00B86CE4 /* TMCache.framework */,
				B28C13BC1A84415A00B86CE4 /* UICKeyChainStore.framework */,
				B28C13BD1A84415A00B86CE4 /* XMLDictionary.framework */,
				B28C13B21A84412400B86CE4 /* AWSCognitoSync.framework */,
				B28C13B31A84412400B86CE4 /* AWSiOSSDKv2.framework */,
			);
			path = Frameworks;
			sourceTree = "<group>";
		};
		B28C13C61A84418500B86CE4 /* service-definitions */ = {
			isa = PBXGroup;
			children = (
				B28C13C71A84418500B86CE4 /* autoscaling-2011-01-01.json */,
				B28C13C81A84418500B86CE4 /* cognito-identity-2014-06-30.json */,
				B28C13C91A84418500B86CE4 /* css-2014-06-30.json */,
				B28C13CA1A84418500B86CE4 /* dynamodb-2012-08-10.json */,
				B28C13CB1A84418500B86CE4 /* ec2-2014-09-01.json */,
				B28C13CC1A84418500B86CE4 /* elasticloadbalancing-2012-06-01.json */,
				B28C13CD1A84418500B86CE4 /* email-2010-12-01.json */,
				B28C13CE1A84418500B86CE4 /* kinesis-2013-12-02.json */,
				B28C13CF1A84418500B86CE4 /* mobileanalytics-2014-06-30.json */,
				B28C13D01A84418500B86CE4 /* monitoring-2010-08-01.json */,
				B28C13D11A84418500B86CE4 /* s3-2006-03-01.json */,
				B28C13D21A84418500B86CE4 /* sdb-2009-04-15.json */,
				B28C13D31A84418500B86CE4 /* sns-2010-03-31.json */,
				B28C13D41A84418500B86CE4 /* sqs-2012-11-05.json */,
				B28C13D51A84418500B86CE4 /* sts-2011-06-15.json */,
			);
			path = "service-definitions";
			sourceTree = "<group>";
		};
/* End PBXGroup section */

/* Begin PBXNativeTarget section */
		B28C13881A84288300B86CE4 /* aws */ = {
			isa = PBXNativeTarget;
			buildConfigurationList = B28C13AB1A84288300B86CE4 /* Build configuration list for PBXNativeTarget "aws" */;
			buildPhases = (
				B28C13851A84288300B86CE4 /* Sources */,
				B28C13861A84288300B86CE4 /* Frameworks */,
				B28C13871A84288300B86CE4 /* Resources */,
				B28C13E51A844CD400B86CE4 /* Copy Frameworks */,
			);
			buildRules = (
			);
			dependencies = (
			);
			name = aws;
			productName = aws;
			productReference = B28C13891A84288300B86CE4 /* aws.app */;
			productType = "com.apple.product-type.application";
		};
		B28C13A01A84288300B86CE4 /* awsTests */ = {
			isa = PBXNativeTarget;
			buildConfigurationList = B28C13AE1A84288300B86CE4 /* Build configuration list for PBXNativeTarget "awsTests" */;
			buildPhases = (
				B28C139D1A84288300B86CE4 /* Sources */,
				B28C139E1A84288300B86CE4 /* Frameworks */,
				B28C139F1A84288300B86CE4 /* Resources */,
			);
			buildRules = (
			);
			dependencies = (
				B28C13A31A84288300B86CE4 /* PBXTargetDependency */,
			);
			name = awsTests;
			productName = awsTests;
			productReference = B28C13A11A84288300B86CE4 /* awsTests.xctest */;
			productType = "com.apple.product-type.bundle.unit-test";
		};
/* End PBXNativeTarget section */

/* Begin PBXProject section */
		B28C13811A84288300B86CE4 /* Project object */ = {
			isa = PBXProject;
			attributes = {
				LastUpgradeCheck = 0610;
				ORGANIZATIONNAME = maxis;
				TargetAttributes = {
					B28C13881A84288300B86CE4 = {
						CreatedOnToolsVersion = 6.1.1;
					};
					B28C13A01A84288300B86CE4 = {
						CreatedOnToolsVersion = 6.1.1;
						TestTargetID = B28C13881A84288300B86CE4;
					};
				};
			};
			buildConfigurationList = B28C13841A84288300B86CE4 /* Build configuration list for PBXProject "aws" */;
			compatibilityVersion = "Xcode 3.2";
			developmentRegion = English;
			hasScannedForEncodings = 0;
			knownRegions = (
				en,
				Base,
			);
			mainGroup = B28C13801A84288300B86CE4;
			productRefGroup = B28C138A1A84288300B86CE4 /* Products */;
			projectDirPath = "";
			projectRoot = "";
			targets = (
				B28C13881A84288300B86CE4 /* aws */,
				B28C13A01A84288300B86CE4 /* awsTests */,
			);
		};
/* End PBXProject section */

/* Begin PBXResourcesBuildPhase section */
		B28C13871A84288300B86CE4 /* Resources */ = {
			isa = PBXResourcesBuildPhase;
			buildActionMask = 2147483647;
			files = (
				B28C13E21A84418500B86CE4 /* sns-2010-03-31.json in Resources */,
				B28C13971A84288300B86CE4 /* Main.storyboard in Resources */,
				B28C13DB1A84418500B86CE4 /* elasticloadbalancing-2012-06-01.json in Resources */,
				B28C13DE1A84418500B86CE4 /* mobileanalytics-2014-06-30.json in Resources */,
				B28C13D71A84418500B86CE4 /* cognito-identity-2014-06-30.json in Resources */,
				B28C13DC1A84418500B86CE4 /* email-2010-12-01.json in Resources */,
				B28C13E41A84418500B86CE4 /* sts-2011-06-15.json in Resources */,
				B28C13DD1A84418500B86CE4 /* kinesis-2013-12-02.json in Resources */,
				B28C13E31A84418500B86CE4 /* sqs-2012-11-05.json in Resources */,
				B28C139C1A84288300B86CE4 /* LaunchScreen.xib in Resources */,
				B28C13E01A84418500B86CE4 /* s3-2006-03-01.json in Resources */,
				B28C13D61A84418500B86CE4 /* autoscaling-2011-01-01.json in Resources */,
				B28C13E11A84418500B86CE4 /* sdb-2009-04-15.json in Resources */,
				B28C13991A84288300B86CE4 /* Images.xcassets in Resources */,
				B28C13DA1A84418500B86CE4 /* ec2-2014-09-01.json in Resources */,
				B28C13D81A84418500B86CE4 /* css-2014-06-30.json in Resources */,
				B28C13DF1A84418500B86CE4 /* monitoring-2010-08-01.json in Resources */,
				B28C13D91A84418500B86CE4 /* dynamodb-2012-08-10.json in Resources */,
			);
			runOnlyForDeploymentPostprocessing = 0;
		};
		B28C139F1A84288300B86CE4 /* Resources */ = {
			isa = PBXResourcesBuildPhase;
			buildActionMask = 2147483647;
			files = (
			);
			runOnlyForDeploymentPostprocessing = 0;
		};
/* End PBXResourcesBuildPhase section */

/* Begin PBXSourcesBuildPhase section */
		B28C13851A84288300B86CE4 /* Sources */ = {
			isa = PBXSourcesBuildPhase;
			buildActionMask = 2147483647;
			files = (
				B28C13941A84288300B86CE4 /* ViewController.swift in Sources */,
				B28C138F1A84288300B86CE4 /* AppDelegate.swift in Sources */,
				B28C13921A84288300B86CE4 /* aws.xcdatamodeld in Sources */,
				B28C13F61A844DCB00B86CE4 /* Constants.swift in Sources */,
			);
			runOnlyForDeploymentPostprocessing = 0;
		};
		B28C139D1A84288300B86CE4 /* Sources */ = {
			isa = PBXSourcesBuildPhase;
			buildActionMask = 2147483647;
			files = (
				B28C13A81A84288300B86CE4 /* awsTests.swift in Sources */,
			);
			runOnlyForDeploymentPostprocessing = 0;
		};
/* End PBXSourcesBuildPhase section */

/* Begin PBXTargetDependency section */
		B28C13A31A84288300B86CE4 /* PBXTargetDependency */ = {
			isa = PBXTargetDependency;
			target = B28C13881A84288300B86CE4 /* aws */;
			targetProxy = B28C13A21A84288300B86CE4 /* PBXContainerItemProxy */;
		};
/* End PBXTargetDependency section */

/* Begin PBXVariantGroup section */
		B28C13951A84288300B86CE4 /* Main.storyboard */ = {
			isa = PBXVariantGroup;
			children = (
				B28C13961A84288300B86CE4 /* Base */,
			);
			name = Main.storyboard;
			sourceTree = "<group>";
		};
		B28C139A1A84288300B86CE4 /* LaunchScreen.xib */ = {
			isa = PBXVariantGroup;
			children = (
				B28C139B1A84288300B86CE4 /* Base */,
			);
			name = LaunchScreen.xib;
			sourceTree = "<group>";
		};
/* End PBXVariantGroup section */

/* Begin XCBuildConfiguration section */
		B28C13A91A84288300B86CE4 /* Debug */ = {
			isa = XCBuildConfiguration;
			buildSettings = {
				ALWAYS_SEARCH_USER_PATHS = NO;
				CLANG_CXX_LANGUAGE_STANDARD = "gnu++0x";
				CLANG_CXX_LIBRARY = "libc++";
				CLANG_ENABLE_MODULES = YES;
				CLANG_ENABLE_OBJC_ARC = YES;
				CLANG_WARN_BOOL_CONVERSION = YES;
				CLANG_WARN_CONSTANT_CONVERSION = YES;
				CLANG_WARN_DIRECT_OBJC_ISA_USAGE = YES_ERROR;
				CLANG_WARN_EMPTY_BODY = YES;
				CLANG_WARN_ENUM_CONVERSION = YES;
				CLANG_WARN_INT_CONVERSION = YES;
				CLANG_WARN_OBJC_ROOT_CLASS = YES_ERROR;
				CLANG_WARN_UNREACHABLE_CODE = YES;
				CLANG_WARN__DUPLICATE_METHOD_MATCH = YES;
				"CODE_SIGN_IDENTITY[sdk=iphoneos*]" = "iPhone Developer";
				COPY_PHASE_STRIP = NO;
				ENABLE_STRICT_OBJC_MSGSEND = YES;
				GCC_C_LANGUAGE_STANDARD = gnu99;
				GCC_DYNAMIC_NO_PIC = NO;
				GCC_OPTIMIZATION_LEVEL = 0;
				GCC_PREPROCESSOR_DEFINITIONS = (
					"DEBUG=1",
					"$(inherited)",
				);
				GCC_SYMBOLS_PRIVATE_EXTERN = NO;
				GCC_WARN_64_TO_32_BIT_CONVERSION = YES;
				GCC_WARN_ABOUT_RETURN_TYPE = YES_ERROR;
				GCC_WARN_UNDECLARED_SELECTOR = YES;
				GCC_WARN_UNINITIALIZED_AUTOS = YES_AGGRESSIVE;
				GCC_WARN_UNUSED_FUNCTION = YES;
				GCC_WARN_UNUSED_VARIABLE = YES;
				IPHONEOS_DEPLOYMENT_TARGET = 8.1;
				MTL_ENABLE_DEBUG_INFO = YES;
				ONLY_ACTIVE_ARCH = YES;
				SDKROOT = iphoneos;
				SWIFT_OPTIMIZATION_LEVEL = "-Onone";
				TARGETED_DEVICE_FAMILY = "1,2";
			};
			name = Debug;
		};
		B28C13AA1A84288300B86CE4 /* Release */ = {
			isa = XCBuildConfiguration;
			buildSettings = {
				ALWAYS_SEARCH_USER_PATHS = NO;
				CLANG_CXX_LANGUAGE_STANDARD = "gnu++0x";
				CLANG_CXX_LIBRARY = "libc++";
				CLANG_ENABLE_MODULES = YES;
				CLANG_ENABLE_OBJC_ARC = YES;
				CLANG_WARN_BOOL_CONVERSION = YES;
				CLANG_WARN_CONSTANT_CONVERSION = YES;
				CLANG_WARN_DIRECT_OBJC_ISA_USAGE = YES_ERROR;
				CLANG_WARN_EMPTY_BODY = YES;
				CLANG_WARN_ENUM_CONVERSION = YES;
				CLANG_WARN_INT_CONVERSION = YES;
				CLANG_WARN_OBJC_ROOT_CLASS = YES_ERROR;
				CLANG_WARN_UNREACHABLE_CODE = YES;
				CLANG_WARN__DUPLICATE_METHOD_MATCH = YES;
				"CODE_SIGN_IDENTITY[sdk=iphoneos*]" = "iPhone Developer";
				COPY_PHASE_STRIP = YES;
				ENABLE_NS_ASSERTIONS = NO;
				ENABLE_STRICT_OBJC_MSGSEND = YES;
				GCC_C_LANGUAGE_STANDARD = gnu99;
				GCC_WARN_64_TO_32_BIT_CONVERSION = YES;
				GCC_WARN_ABOUT_RETURN_TYPE = YES_ERROR;
				GCC_WARN_UNDECLARED_SELECTOR = YES;
				GCC_WARN_UNINITIALIZED_AUTOS = YES_AGGRESSIVE;
				GCC_WARN_UNUSED_FUNCTION = YES;
				GCC_WARN_UNUSED_VARIABLE = YES;
				IPHONEOS_DEPLOYMENT_TARGET = 8.1;
				MTL_ENABLE_DEBUG_INFO = NO;
				SDKROOT = iphoneos;
				TARGETED_DEVICE_FAMILY = "1,2";
				VALIDATE_PRODUCT = YES;
			};
			name = Release;
		};
		B28C13AC1A84288300B86CE4 /* Debug */ = {
			isa = XCBuildConfiguration;
			buildSettings = {
				ASSETCATALOG_COMPILER_APPICON_NAME = AppIcon;
				FRAMEWORK_SEARCH_PATHS = (
					"$(inherited)",
					"$(PROJECT_DIR)/aws/Frameworks",
				);
				INFOPLIST_FILE = aws/Info.plist;
				LD_RUNPATH_SEARCH_PATHS = "$(inherited) @executable_path/Frameworks";
				PRODUCT_NAME = "$(TARGET_NAME)";
			};
			name = Debug;
		};
		B28C13AD1A84288300B86CE4 /* Release */ = {
			isa = XCBuildConfiguration;
			buildSettings = {
				ASSETCATALOG_COMPILER_APPICON_NAME = AppIcon;
				FRAMEWORK_SEARCH_PATHS = (
					"$(inherited)",
					"$(PROJECT_DIR)/aws/Frameworks",
				);
				INFOPLIST_FILE = aws/Info.plist;
				LD_RUNPATH_SEARCH_PATHS = "$(inherited) @executable_path/Frameworks";
				PRODUCT_NAME = "$(TARGET_NAME)";
			};
			name = Release;
		};
		B28C13AF1A84288300B86CE4 /* Debug */ = {
			isa = XCBuildConfiguration;
			buildSettings = {
				BUNDLE_LOADER = "$(TEST_HOST)";
				FRAMEWORK_SEARCH_PATHS = (
					"$(SDKROOT)/Developer/Library/Frameworks",
					"$(inherited)",
				);
				GCC_PREPROCESSOR_DEFINITIONS = (
					"DEBUG=1",
					"$(inherited)",
				);
				INFOPLIST_FILE = awsTests/Info.plist;
				LD_RUNPATH_SEARCH_PATHS = "$(inherited) @executable_path/Frameworks @loader_path/Frameworks";
				PRODUCT_NAME = "$(TARGET_NAME)";
				TEST_HOST = "$(BUILT_PRODUCTS_DIR)/aws.app/aws";
			};
			name = Debug;
		};
		B28C13B01A84288300B86CE4 /* Release */ = {
			isa = XCBuildConfiguration;
			buildSettings = {
				BUNDLE_LOADER = "$(TEST_HOST)";
				FRAMEWORK_SEARCH_PATHS = (
					"$(SDKROOT)/Developer/Library/Frameworks",
					"$(inherited)",
				);
				INFOPLIST_FILE = awsTests/Info.plist;
				LD_RUNPATH_SEARCH_PATHS = "$(inherited) @executable_path/Frameworks @loader_path/Frameworks";
				PRODUCT_NAME = "$(TARGET_NAME)";
				TEST_HOST = "$(BUILT_PRODUCTS_DIR)/aws.app/aws";
			};
			name = Release;
		};
/* End XCBuildConfiguration section */

/* Begin XCConfigurationList section */
		B28C13841A84288300B86CE4 /* Build configuration list for PBXProject "aws" */ = {
			isa = XCConfigurationList;
			buildConfigurations = (
				B28C13A91A84288300B86CE4 /* Debug */,
				B28C13AA1A84288300B86CE4 /* Release */,
			);
			defaultConfigurationIsVisible = 0;
			defaultConfigurationName = Release;
		};
		B28C13AB1A84288300B86CE4 /* Build configuration list for PBXNativeTarget "aws" */ = {
			isa = XCConfigurationList;
			buildConfigurations = (
				B28C13AC1A84288300B86CE4 /* Debug */,
				B28C13AD1A84288300B86CE4 /* Release */,
			);
			defaultConfigurationIsVisible = 0;
		};
		B28C13AE1A84288300B86CE4 /* Build configuration list for PBXNativeTarget "awsTests" */ = {
			isa = XCConfigurationList;
			buildConfigurations = (
				B28C13AF1A84288300B86CE4 /* Debug */,
				B28C13B01A84288300B86CE4 /* Release */,
			);
			defaultConfigurationIsVisible = 0;
		};
/* End XCConfigurationList section */

/* Begin XCVersionGroup section */
		B28C13901A84288300B86CE4 /* aws.xcdatamodeld */ = {
			isa = XCVersionGroup;
			children = (
				B28C13911A84288300B86CE4 /* aws.xcdatamodel */,
			);
			currentVersion = B28C13911A84288300B86CE4 /* aws.xcdatamodel */;
			path = aws.xcdatamodeld;
			sourceTree = "<group>";
			versionGroupType = wrapper.xcdatamodel;
		};
/* End XCVersionGroup section */
	};
	rootObject = B28C13811A84288300B86CE4 /* Project object */;
}
